
Microsoft Visual Studio Solution File, Format Version 12.00
# Visual Studio 14
VisualStudioVersion = 14.0.23107.0
MinimumVisualStudioVersion = 10.0.40219.1
Project("{FAE04EC0-301F-11D3-BF4B-00C04F79EFBC}") = "RunSameEverywhere", "RunSameEverywhere\RunSameEverywhere.csproj", "{FF47FFEB-AA1C-4AB6-B67B-AC5FDE1C040F}"
EndProject
Project("{FAE04EC0-301F-11D3-BF4B-00C04F79EFBC}") = "RunWithCustomisationsEverywhere", "RunWithCustomisationsEverywhere\RunWithCustomisationsEverywhere.csproj", "{C267DDFD-8080-4D7A-966B-0EBA4AD06928}"
EndProject
Project("{FAE04EC0-301F-11D3-BF4B-00C04F79EFBC}") = "ThisUwpIsMobileOnly", "ThisUwpisMobileOnly\ThisUwpIsMobileOnly.csproj", "{F6B84A06-6E30-4CDD-9B7A-9A2BBA77FDF0}"
EndProject
Project("{2150E333-8FDC-42A3-9474-1A3956D46DE8}") = "Beyond", "Beyond", "{61D1F6E0-437C-4EB3-BA85-A8EEC963E379}"
EndProject
Project("{FAE04EC0-301F-11D3-BF4B-00C04F79EFBC}") = "Everywhere.Ios", "Everywhere.Ios\Everywhere.Ios.csproj", "{7743533A-E942-4D76-9D9E-AB3C7B5D8102}"
EndProject
Project("{FAE04EC0-301F-11D3-BF4B-00C04F79EFBC}") = "Everywhere.Uwp", "Everywhere.Uwp\Everywhere.Uwp.csproj", "{F80833C1-FA33-409A-BF47-202C3566BC1E}"
EndProject
Project("{FAE04EC0-301F-11D3-BF4B-00C04F79EFBC}") = "Everywhere.Android", "Everywhere.Android\Everywhere.Android.csproj", "{1D8DB085-A3B3-479B-9CF7-96D3FAF12C03}"
EndProject
Project("{FAE04EC0-301F-11D3-BF4B-00C04F79EFBC}") = "Everywhere.AppleWatch.WKExtension", "Everywhere.AppleWatch\Everywhere.AppleWatch.WKExtension\Everywhere.AppleWatch.WKExtension.csproj", "{0BD363FA-C611-4044-8851-D48D3B97BC02}"
EndProject
Project("{FAE04EC0-301F-11D3-BF4B-00C04F79EFBC}") = "Everywhere.AndroidWear", "Everywhere.AndroidWear\Everywhere.AndroidWear.csproj", "{37C9C604-F376-4F16-8146-8D304BF39053}"
EndProject
Project("{FAE04EC0-301F-11D3-BF4B-00C04F79EFBC}") = "Everywhere.PortableLibrary", "Everywhere.PortableLibrary\Everywhere.PortableLibrary.csproj", "{216C7113-44B1-4472-997D-F2D6108C212B}"
EndProject
Project("{2150E333-8FDC-42A3-9474-1A3956D46DE8}") = "XamarinForms", "XamarinForms", "{676E4F54-EF3E-49D4-A191-14EF4C3154A3}"
EndProject
Project("{FAE04EC0-301F-11D3-BF4B-00C04F79EFBC}") = "Everywhere.XamForms", "Everywhere.XamForms\Everywhere.XamForms\Everywhere.XamForms.csproj", "{15FDD27D-1BEA-469B-9267-BD4A3A20C55E}"
EndProject
Project("{FAE04EC0-301F-11D3-BF4B-00C04F79EFBC}") = "Everywhere.XamForms.Droid", "Everywhere.XamForms\Everywhere.XamForms.Droid\Everywhere.XamForms.Droid.csproj", "{1DA0ECD7-2C48-437C-BF77-57B1A5211834}"
EndProject
Project("{FAE04EC0-301F-11D3-BF4B-00C04F79EFBC}") = "Everywhere.XamForms.WinPhone", "Everywhere.XamForms\Everywhere.XamForms.WinPhone\Everywhere.XamForms.WinPhone.csproj", "{5739B755-D4A6-4F39-9C79-22C107DE3E21}"
EndProject
Global
	GlobalSection(SolutionConfigurationPlatforms) = preSolution
		Ad-Hoc|Any CPU = Ad-Hoc|Any CPU
		Ad-Hoc|ARM = Ad-Hoc|ARM
		Ad-Hoc|iPhone = Ad-Hoc|iPhone
		Ad-Hoc|iPhoneSimulator = Ad-Hoc|iPhoneSimulator
		Ad-Hoc|x64 = Ad-Hoc|x64
		Ad-Hoc|x86 = Ad-Hoc|x86
		AppStore|Any CPU = AppStore|Any CPU
		AppStore|ARM = AppStore|ARM
		AppStore|iPhone = AppStore|iPhone
		AppStore|iPhoneSimulator = AppStore|iPhoneSimulator
		AppStore|x64 = AppStore|x64
		AppStore|x86 = AppStore|x86
		Debug|Any CPU = Debug|Any CPU
		Debug|ARM = Debug|ARM
		Debug|iPhone = Debug|iPhone
		Debug|iPhoneSimulator = Debug|iPhoneSimulator
		Debug|x64 = Debug|x64
		Debug|x86 = Debug|x86
		Release|Any CPU = Release|Any CPU
		Release|ARM = Release|ARM
		Release|iPhone = Release|iPhone
		Release|iPhoneSimulator = Release|iPhoneSimulator
		Release|x64 = Release|x64
		Release|x86 = Release|x86
	EndGlobalSection
	GlobalSection(ProjectConfigurationPlatforms) = postSolution
		{FF47FFEB-AA1C-4AB6-B67B-AC5FDE1C040F}.Ad-Hoc|Any CPU.ActiveCfg = Release|x86
		{FF47FFEB-AA1C-4AB6-B67B-AC5FDE1C040F}.Ad-Hoc|Any CPU.Build.0 = Release|x86
		{FF47FFEB-AA1C-4AB6-B67B-AC5FDE1C040F}.Ad-Hoc|Any CPU.Deploy.0 = Release|x86
		{FF47FFEB-AA1C-4AB6-B67B-AC5FDE1C040F}.Ad-Hoc|ARM.ActiveCfg = Release|ARM
		{FF47FFEB-AA1C-4AB6-B67B-AC5FDE1C040F}.Ad-Hoc|ARM.Build.0 = Release|ARM
		{FF47FFEB-AA1C-4AB6-B67B-AC5FDE1C040F}.Ad-Hoc|ARM.Deploy.0 = Release|ARM
		{FF47FFEB-AA1C-4AB6-B67B-AC5FDE1C040F}.Ad-Hoc|iPhone.ActiveCfg = Release|x86
		{FF47FFEB-AA1C-4AB6-B67B-AC5FDE1C040F}.Ad-Hoc|iPhone.Build.0 = Release|x86
		{FF47FFEB-AA1C-4AB6-B67B-AC5FDE1C040F}.Ad-Hoc|iPhone.Deploy.0 = Release|x86
		{FF47FFEB-AA1C-4AB6-B67B-AC5FDE1C040F}.Ad-Hoc|iPhoneSimulator.ActiveCfg = Release|x86
		{FF47FFEB-AA1C-4AB6-B67B-AC5FDE1C040F}.Ad-Hoc|iPhoneSimulator.Build.0 = Release|x86
		{FF47FFEB-AA1C-4AB6-B67B-AC5FDE1C040F}.Ad-Hoc|iPhoneSimulator.Deploy.0 = Release|x86
		{FF47FFEB-AA1C-4AB6-B67B-AC5FDE1C040F}.Ad-Hoc|x64.ActiveCfg = Release|x64
		{FF47FFEB-AA1C-4AB6-B67B-AC5FDE1C040F}.Ad-Hoc|x64.Build.0 = Release|x64
		{FF47FFEB-AA1C-4AB6-B67B-AC5FDE1C040F}.Ad-Hoc|x64.Deploy.0 = Release|x64
		{FF47FFEB-AA1C-4AB6-B67B-AC5FDE1C040F}.Ad-Hoc|x86.ActiveCfg = Release|x86
		{FF47FFEB-AA1C-4AB6-B67B-AC5FDE1C040F}.Ad-Hoc|x86.Build.0 = Release|x86
		{FF47FFEB-AA1C-4AB6-B67B-AC5FDE1C040F}.Ad-Hoc|x86.Deploy.0 = Release|x86
		{FF47FFEB-AA1C-4AB6-B67B-AC5FDE1C040F}.AppStore|Any CPU.ActiveCfg = Release|x86
		{FF47FFEB-AA1C-4AB6-B67B-AC5FDE1C040F}.AppStore|Any CPU.Build.0 = Release|x86
		{FF47FFEB-AA1C-4AB6-B67B-AC5FDE1C040F}.AppStore|Any CPU.Deploy.0 = Release|x86
		{FF47FFEB-AA1C-4AB6-B67B-AC5FDE1C040F}.AppStore|ARM.ActiveCfg = Release|ARM
		{FF47FFEB-AA1C-4AB6-B67B-AC5FDE1C040F}.AppStore|ARM.Build.0 = Release|ARM
		{FF47FFEB-AA1C-4AB6-B67B-AC5FDE1C040F}.AppStore|ARM.Deploy.0 = Release|ARM
		{FF47FFEB-AA1C-4AB6-B67B-AC5FDE1C040F}.AppStore|iPhone.ActiveCfg = Release|x86
		{FF47FFEB-AA1C-4AB6-B67B-AC5FDE1C040F}.AppStore|iPhone.Build.0 = Release|x86
		{FF47FFEB-AA1C-4AB6-B67B-AC5FDE1C040F}.AppStore|iPhone.Deploy.0 = Release|x86
		{FF47FFEB-AA1C-4AB6-B67B-AC5FDE1C040F}.AppStore|iPhoneSimulator.ActiveCfg = Release|x86
		{FF47FFEB-AA1C-4AB6-B67B-AC5FDE1C040F}.AppStore|iPhoneSimulator.Build.0 = Release|x86
		{FF47FFEB-AA1C-4AB6-B67B-AC5FDE1C040F}.AppStore|iPhoneSimulator.Deploy.0 = Release|x86
		{FF47FFEB-AA1C-4AB6-B67B-AC5FDE1C040F}.AppStore|x64.ActiveCfg = Release|x64
		{FF47FFEB-AA1C-4AB6-B67B-AC5FDE1C040F}.AppStore|x64.Build.0 = Release|x64
		{FF47FFEB-AA1C-4AB6-B67B-AC5FDE1C040F}.AppStore|x64.Deploy.0 = Release|x64
		{FF47FFEB-AA1C-4AB6-B67B-AC5FDE1C040F}.AppStore|x86.ActiveCfg = Release|x86
		{FF47FFEB-AA1C-4AB6-B67B-AC5FDE1C040F}.AppStore|x86.Build.0 = Release|x86
		{FF47FFEB-AA1C-4AB6-B67B-AC5FDE1C040F}.AppStore|x86.Deploy.0 = Release|x86
		{FF47FFEB-AA1C-4AB6-B67B-AC5FDE1C040F}.Debug|Any CPU.ActiveCfg = Debug|x86
		{FF47FFEB-AA1C-4AB6-B67B-AC5FDE1C040F}.Debug|ARM.ActiveCfg = Debug|ARM
		{FF47FFEB-AA1C-4AB6-B67B-AC5FDE1C040F}.Debug|ARM.Build.0 = Debug|ARM
		{FF47FFEB-AA1C-4AB6-B67B-AC5FDE1C040F}.Debug|ARM.Deploy.0 = Debug|ARM
		{FF47FFEB-AA1C-4AB6-B67B-AC5FDE1C040F}.Debug|iPhone.ActiveCfg = Debug|x86
		{FF47FFEB-AA1C-4AB6-B67B-AC5FDE1C040F}.Debug|iPhoneSimulator.ActiveCfg = Debug|x86
		{FF47FFEB-AA1C-4AB6-B67B-AC5FDE1C040F}.Debug|x64.ActiveCfg = Debug|x64
		{FF47FFEB-AA1C-4AB6-B67B-AC5FDE1C040F}.Debug|x64.Build.0 = Debug|x64
		{FF47FFEB-AA1C-4AB6-B67B-AC5FDE1C040F}.Debug|x64.Deploy.0 = Debug|x64
		{FF47FFEB-AA1C-4AB6-B67B-AC5FDE1C040F}.Debug|x86.ActiveCfg = Debug|x86
		{FF47FFEB-AA1C-4AB6-B67B-AC5FDE1C040F}.Debug|x86.Build.0 = Debug|x86
		{FF47FFEB-AA1C-4AB6-B67B-AC5FDE1C040F}.Debug|x86.Deploy.0 = Debug|x86
		{FF47FFEB-AA1C-4AB6-B67B-AC5FDE1C040F}.Release|Any CPU.ActiveCfg = Release|x86
		{FF47FFEB-AA1C-4AB6-B67B-AC5FDE1C040F}.Release|ARM.ActiveCfg = Release|ARM
		{FF47FFEB-AA1C-4AB6-B67B-AC5FDE1C040F}.Release|ARM.Build.0 = Release|ARM
		{FF47FFEB-AA1C-4AB6-B67B-AC5FDE1C040F}.Release|ARM.Deploy.0 = Release|ARM
		{FF47FFEB-AA1C-4AB6-B67B-AC5FDE1C040F}.Release|iPhone.ActiveCfg = Release|x86
		{FF47FFEB-AA1C-4AB6-B67B-AC5FDE1C040F}.Release|iPhoneSimulator.ActiveCfg = Release|x86
		{FF47FFEB-AA1C-4AB6-B67B-AC5FDE1C040F}.Release|x64.ActiveCfg = Release|x64
		{FF47FFEB-AA1C-4AB6-B67B-AC5FDE1C040F}.Release|x64.Build.0 = Release|x64
		{FF47FFEB-AA1C-4AB6-B67B-AC5FDE1C040F}.Release|x64.Deploy.0 = Release|x64
		{FF47FFEB-AA1C-4AB6-B67B-AC5FDE1C040F}.Release|x86.ActiveCfg = Release|x86
		{FF47FFEB-AA1C-4AB6-B67B-AC5FDE1C040F}.Release|x86.Build.0 = Release|x86
		{FF47FFEB-AA1C-4AB6-B67B-AC5FDE1C040F}.Release|x86.Deploy.0 = Release|x86
		{C267DDFD-8080-4D7A-966B-0EBA4AD06928}.Ad-Hoc|Any CPU.ActiveCfg = Release|x86
		{C267DDFD-8080-4D7A-966B-0EBA4AD06928}.Ad-Hoc|Any CPU.Build.0 = Release|x86
		{C267DDFD-8080-4D7A-966B-0EBA4AD06928}.Ad-Hoc|Any CPU.Deploy.0 = Release|x86
		{C267DDFD-8080-4D7A-966B-0EBA4AD06928}.Ad-Hoc|ARM.ActiveCfg = Release|ARM
		{C267DDFD-8080-4D7A-966B-0EBA4AD06928}.Ad-Hoc|ARM.Build.0 = Release|ARM
		{C267DDFD-8080-4D7A-966B-0EBA4AD06928}.Ad-Hoc|ARM.Deploy.0 = Release|ARM
		{C267DDFD-8080-4D7A-966B-0EBA4AD06928}.Ad-Hoc|iPhone.ActiveCfg = Release|x86
		{C267DDFD-8080-4D7A-966B-0EBA4AD06928}.Ad-Hoc|iPhone.Build.0 = Release|x86
		{C267DDFD-8080-4D7A-966B-0EBA4AD06928}.Ad-Hoc|iPhone.Deploy.0 = Release|x86
		{C267DDFD-8080-4D7A-966B-0EBA4AD06928}.Ad-Hoc|iPhoneSimulator.ActiveCfg = Release|x86
		{C267DDFD-8080-4D7A-966B-0EBA4AD06928}.Ad-Hoc|iPhoneSimulator.Build.0 = Release|x86
		{C267DDFD-8080-4D7A-966B-0EBA4AD06928}.Ad-Hoc|iPhoneSimulator.Deploy.0 = Release|x86
		{C267DDFD-8080-4D7A-966B-0EBA4AD06928}.Ad-Hoc|x64.ActiveCfg = Release|x64
		{C267DDFD-8080-4D7A-966B-0EBA4AD06928}.Ad-Hoc|x64.Build.0 = Release|x64
		{C267DDFD-8080-4D7A-966B-0EBA4AD06928}.Ad-Hoc|x64.Deploy.0 = Release|x64
		{C267DDFD-8080-4D7A-966B-0EBA4AD06928}.Ad-Hoc|x86.ActiveCfg = Release|x86
		{C267DDFD-8080-4D7A-966B-0EBA4AD06928}.Ad-Hoc|x86.Build.0 = Release|x86
		{C267DDFD-8080-4D7A-966B-0EBA4AD06928}.Ad-Hoc|x86.Deploy.0 = Release|x86
		{C267DDFD-8080-4D7A-966B-0EBA4AD06928}.AppStore|Any CPU.ActiveCfg = Release|x86
		{C267DDFD-8080-4D7A-966B-0EBA4AD06928}.AppStore|Any CPU.Build.0 = Release|x86
		{C267DDFD-8080-4D7A-966B-0EBA4AD06928}.AppStore|Any CPU.Deploy.0 = Release|x86
		{C267DDFD-8080-4D7A-966B-0EBA4AD06928}.AppStore|ARM.ActiveCfg = Release|ARM
		{C267DDFD-8080-4D7A-966B-0EBA4AD06928}.AppStore|ARM.Build.0 = Release|ARM
		{C267DDFD-8080-4D7A-966B-0EBA4AD06928}.AppStore|ARM.Deploy.0 = Release|ARM
		{C267DDFD-8080-4D7A-966B-0EBA4AD06928}.AppStore|iPhone.ActiveCfg = Release|x86
		{C267DDFD-8080-4D7A-966B-0EBA4AD06928}.AppStore|iPhone.Build.0 = Release|x86
		{C267DDFD-8080-4D7A-966B-0EBA4AD06928}.AppStore|iPhone.Deploy.0 = Release|x86
		{C267DDFD-8080-4D7A-966B-0EBA4AD06928}.AppStore|iPhoneSimulator.ActiveCfg = Release|x86
		{C267DDFD-8080-4D7A-966B-0EBA4AD06928}.AppStore|iPhoneSimulator.Build.0 = Release|x86
		{C267DDFD-8080-4D7A-966B-0EBA4AD06928}.AppStore|iPhoneSimulator.Deploy.0 = Release|x86
		{C267DDFD-8080-4D7A-966B-0EBA4AD06928}.AppStore|x64.ActiveCfg = Release|x64
		{C267DDFD-8080-4D7A-966B-0EBA4AD06928}.AppStore|x64.Build.0 = Release|x64
		{C267DDFD-8080-4D7A-966B-0EBA4AD06928}.AppStore|x64.Deploy.0 = Release|x64
		{C267DDFD-8080-4D7A-966B-0EBA4AD06928}.AppStore|x86.ActiveCfg = Release|x86
		{C267DDFD-8080-4D7A-966B-0EBA4AD06928}.AppStore|x86.Build.0 = Release|x86
		{C267DDFD-8080-4D7A-966B-0EBA4AD06928}.AppStore|x86.Deploy.0 = Release|x86
		{C267DDFD-8080-4D7A-966B-0EBA4AD06928}.Debug|Any CPU.ActiveCfg = Debug|x86
		{C267DDFD-8080-4D7A-966B-0EBA4AD06928}.Debug|ARM.ActiveCfg = Debug|ARM
		{C267DDFD-8080-4D7A-966B-0EBA4AD06928}.Debug|ARM.Build.0 = Debug|ARM
		{C267DDFD-8080-4D7A-966B-0EBA4AD06928}.Debug|ARM.Deploy.0 = Debug|ARM
		{C267DDFD-8080-4D7A-966B-0EBA4AD06928}.Debug|iPhone.ActiveCfg = Debug|x86
		{C267DDFD-8080-4D7A-966B-0EBA4AD06928}.Debug|iPhoneSimulator.ActiveCfg = Debug|x86
		{C267DDFD-8080-4D7A-966B-0EBA4AD06928}.Debug|x64.ActiveCfg = Debug|x64
		{C267DDFD-8080-4D7A-966B-0EBA4AD06928}.Debug|x64.Build.0 = Debug|x64
		{C267DDFD-8080-4D7A-966B-0EBA4AD06928}.Debug|x64.Deploy.0 = Debug|x64
		{C267DDFD-8080-4D7A-966B-0EBA4AD06928}.Debug|x86.ActiveCfg = Debug|x86
		{C267DDFD-8080-4D7A-966B-0EBA4AD06928}.Debug|x86.Build.0 = Debug|x86
		{C267DDFD-8080-4D7A-966B-0EBA4AD06928}.Debug|x86.Deploy.0 = Debug|x86
		{C267DDFD-8080-4D7A-966B-0EBA4AD06928}.Release|Any CPU.ActiveCfg = Release|x86
		{C267DDFD-8080-4D7A-966B-0EBA4AD06928}.Release|ARM.ActiveCfg = Release|ARM
		{C267DDFD-8080-4D7A-966B-0EBA4AD06928}.Release|ARM.Build.0 = Release|ARM
		{C267DDFD-8080-4D7A-966B-0EBA4AD06928}.Release|ARM.Deploy.0 = Release|ARM
		{C267DDFD-8080-4D7A-966B-0EBA4AD06928}.Release|iPhone.ActiveCfg = Release|x86
		{C267DDFD-8080-4D7A-966B-0EBA4AD06928}.Release|iPhoneSimulator.ActiveCfg = Release|x86
		{C267DDFD-8080-4D7A-966B-0EBA4AD06928}.Release|x64.ActiveCfg = Release|x64
		{C267DDFD-8080-4D7A-966B-0EBA4AD06928}.Release|x64.Build.0 = Release|x64
		{C267DDFD-8080-4D7A-966B-0EBA4AD06928}.Release|x64.Deploy.0 = Release|x64
		{C267DDFD-8080-4D7A-966B-0EBA4AD06928}.Release|x86.ActiveCfg = Release|x86
		{C267DDFD-8080-4D7A-966B-0EBA4AD06928}.Release|x86.Build.0 = Release|x86
		{C267DDFD-8080-4D7A-966B-0EBA4AD06928}.Release|x86.Deploy.0 = Release|x86
		{F6B84A06-6E30-4CDD-9B7A-9A2BBA77FDF0}.Ad-Hoc|Any CPU.ActiveCfg = Release|x86
		{F6B84A06-6E30-4CDD-9B7A-9A2BBA77FDF0}.Ad-Hoc|Any CPU.Build.0 = Release|x86
		{F6B84A06-6E30-4CDD-9B7A-9A2BBA77FDF0}.Ad-Hoc|Any CPU.Deploy.0 = Release|x86
		{F6B84A06-6E30-4CDD-9B7A-9A2BBA77FDF0}.Ad-Hoc|ARM.ActiveCfg = Release|ARM
		{F6B84A06-6E30-4CDD-9B7A-9A2BBA77FDF0}.Ad-Hoc|ARM.Build.0 = Release|ARM
		{F6B84A06-6E30-4CDD-9B7A-9A2BBA77FDF0}.Ad-Hoc|ARM.Deploy.0 = Release|ARM
		{F6B84A06-6E30-4CDD-9B7A-9A2BBA77FDF0}.Ad-Hoc|iPhone.ActiveCfg = Release|x86
		{F6B84A06-6E30-4CDD-9B7A-9A2BBA77FDF0}.Ad-Hoc|iPhone.Build.0 = Release|x86
		{F6B84A06-6E30-4CDD-9B7A-9A2BBA77FDF0}.Ad-Hoc|iPhone.Deploy.0 = Release|x86
		{F6B84A06-6E30-4CDD-9B7A-9A2BBA77FDF0}.Ad-Hoc|iPhoneSimulator.ActiveCfg = Release|x86
		{F6B84A06-6E30-4CDD-9B7A-9A2BBA77FDF0}.Ad-Hoc|iPhoneSimulator.Build.0 = Release|x86
		{F6B84A06-6E30-4CDD-9B7A-9A2BBA77FDF0}.Ad-Hoc|iPhoneSimulator.Deploy.0 = Release|x86
		{F6B84A06-6E30-4CDD-9B7A-9A2BBA77FDF0}.Ad-Hoc|x64.ActiveCfg = Release|x64
		{F6B84A06-6E30-4CDD-9B7A-9A2BBA77FDF0}.Ad-Hoc|x64.Build.0 = Release|x64
		{F6B84A06-6E30-4CDD-9B7A-9A2BBA77FDF0}.Ad-Hoc|x64.Deploy.0 = Release|x64
		{F6B84A06-6E30-4CDD-9B7A-9A2BBA77FDF0}.Ad-Hoc|x86.ActiveCfg = Release|x86
		{F6B84A06-6E30-4CDD-9B7A-9A2BBA77FDF0}.Ad-Hoc|x86.Build.0 = Release|x86
		{F6B84A06-6E30-4CDD-9B7A-9A2BBA77FDF0}.Ad-Hoc|x86.Deploy.0 = Release|x86
		{F6B84A06-6E30-4CDD-9B7A-9A2BBA77FDF0}.AppStore|Any CPU.ActiveCfg = Release|x86
		{F6B84A06-6E30-4CDD-9B7A-9A2BBA77FDF0}.AppStore|Any CPU.Build.0 = Release|x86
		{F6B84A06-6E30-4CDD-9B7A-9A2BBA77FDF0}.AppStore|Any CPU.Deploy.0 = Release|x86
		{F6B84A06-6E30-4CDD-9B7A-9A2BBA77FDF0}.AppStore|ARM.ActiveCfg = Release|ARM
		{F6B84A06-6E30-4CDD-9B7A-9A2BBA77FDF0}.AppStore|ARM.Build.0 = Release|ARM
		{F6B84A06-6E30-4CDD-9B7A-9A2BBA77FDF0}.AppStore|ARM.Deploy.0 = Release|ARM
		{F6B84A06-6E30-4CDD-9B7A-9A2BBA77FDF0}.AppStore|iPhone.ActiveCfg = Release|x86
		{F6B84A06-6E30-4CDD-9B7A-9A2BBA77FDF0}.AppStore|iPhone.Build.0 = Release|x86
		{F6B84A06-6E30-4CDD-9B7A-9A2BBA77FDF0}.AppStore|iPhone.Deploy.0 = Release|x86
		{F6B84A06-6E30-4CDD-9B7A-9A2BBA77FDF0}.AppStore|iPhoneSimulator.ActiveCfg = Release|x86
		{F6B84A06-6E30-4CDD-9B7A-9A2BBA77FDF0}.AppStore|iPhoneSimulator.Build.0 = Release|x86
		{F6B84A06-6E30-4CDD-9B7A-9A2BBA77FDF0}.AppStore|iPhoneSimulator.Deploy.0 = Release|x86
		{F6B84A06-6E30-4CDD-9B7A-9A2BBA77FDF0}.AppStore|x64.ActiveCfg = Release|x64
		{F6B84A06-6E30-4CDD-9B7A-9A2BBA77FDF0}.AppStore|x64.Build.0 = Release|x64
		{F6B84A06-6E30-4CDD-9B7A-9A2BBA77FDF0}.AppStore|x64.Deploy.0 = Release|x64
		{F6B84A06-6E30-4CDD-9B7A-9A2BBA77FDF0}.AppStore|x86.ActiveCfg = Release|x86
		{F6B84A06-6E30-4CDD-9B7A-9A2BBA77FDF0}.AppStore|x86.Build.0 = Release|x86
		{F6B84A06-6E30-4CDD-9B7A-9A2BBA77FDF0}.AppStore|x86.Deploy.0 = Release|x86
		{F6B84A06-6E30-4CDD-9B7A-9A2BBA77FDF0}.Debug|Any CPU.ActiveCfg = Debug|x86
		{F6B84A06-6E30-4CDD-9B7A-9A2BBA77FDF0}.Debug|ARM.ActiveCfg = Debug|ARM
		{F6B84A06-6E30-4CDD-9B7A-9A2BBA77FDF0}.Debug|ARM.Build.0 = Debug|ARM
		{F6B84A06-6E30-4CDD-9B7A-9A2BBA77FDF0}.Debug|ARM.Deploy.0 = Debug|ARM
		{F6B84A06-6E30-4CDD-9B7A-9A2BBA77FDF0}.Debug|iPhone.ActiveCfg = Debug|x86
		{F6B84A06-6E30-4CDD-9B7A-9A2BBA77FDF0}.Debug|iPhoneSimulator.ActiveCfg = Debug|x86
		{F6B84A06-6E30-4CDD-9B7A-9A2BBA77FDF0}.Debug|x64.ActiveCfg = Debug|x64
		{F6B84A06-6E30-4CDD-9B7A-9A2BBA77FDF0}.Debug|x64.Build.0 = Debug|x64
		{F6B84A06-6E30-4CDD-9B7A-9A2BBA77FDF0}.Debug|x64.Deploy.0 = Debug|x64
		{F6B84A06-6E30-4CDD-9B7A-9A2BBA77FDF0}.Debug|x86.ActiveCfg = Debug|x86
		{F6B84A06-6E30-4CDD-9B7A-9A2BBA77FDF0}.Debug|x86.Build.0 = Debug|x86
		{F6B84A06-6E30-4CDD-9B7A-9A2BBA77FDF0}.Debug|x86.Deploy.0 = Debug|x86
		{F6B84A06-6E30-4CDD-9B7A-9A2BBA77FDF0}.Release|Any CPU.ActiveCfg = Release|x86
		{F6B84A06-6E30-4CDD-9B7A-9A2BBA77FDF0}.Release|ARM.ActiveCfg = Release|ARM
		{F6B84A06-6E30-4CDD-9B7A-9A2BBA77FDF0}.Release|ARM.Build.0 = Release|ARM
		{F6B84A06-6E30-4CDD-9B7A-9A2BBA77FDF0}.Release|ARM.Deploy.0 = Release|ARM
		{F6B84A06-6E30-4CDD-9B7A-9A2BBA77FDF0}.Release|iPhone.ActiveCfg = Release|x86
		{F6B84A06-6E30-4CDD-9B7A-9A2BBA77FDF0}.Release|iPhoneSimulator.ActiveCfg = Release|x86
		{F6B84A06-6E30-4CDD-9B7A-9A2BBA77FDF0}.Release|x64.ActiveCfg = Release|x64
		{F6B84A06-6E30-4CDD-9B7A-9A2BBA77FDF0}.Release|x64.Build.0 = Release|x64
		{F6B84A06-6E30-4CDD-9B7A-9A2BBA77FDF0}.Release|x64.Deploy.0 = Release|x64
		{F6B84A06-6E30-4CDD-9B7A-9A2BBA77FDF0}.Release|x86.ActiveCfg = Release|x86
		{F6B84A06-6E30-4CDD-9B7A-9A2BBA77FDF0}.Release|x86.Build.0 = Release|x86
		{F6B84A06-6E30-4CDD-9B7A-9A2BBA77FDF0}.Release|x86.Deploy.0 = Release|x86
		{7743533A-E942-4D76-9D9E-AB3C7B5D8102}.Ad-Hoc|Any CPU.ActiveCfg = Ad-Hoc|iPhone
		{7743533A-E942-4D76-9D9E-AB3C7B5D8102}.Ad-Hoc|ARM.ActiveCfg = Ad-Hoc|iPhone
		{7743533A-E942-4D76-9D9E-AB3C7B5D8102}.Ad-Hoc|iPhone.ActiveCfg = Ad-Hoc|iPhone
		{7743533A-E942-4D76-9D9E-AB3C7B5D8102}.Ad-Hoc|iPhone.Build.0 = Ad-Hoc|iPhone
		{7743533A-E942-4D76-9D9E-AB3C7B5D8102}.Ad-Hoc|iPhoneSimulator.ActiveCfg = Ad-Hoc|iPhoneSimulator
		{7743533A-E942-4D76-9D9E-AB3C7B5D8102}.Ad-Hoc|iPhoneSimulator.Build.0 = Ad-Hoc|iPhoneSimulator
		{7743533A-E942-4D76-9D9E-AB3C7B5D8102}.Ad-Hoc|x64.ActiveCfg = Ad-Hoc|iPhone
		{7743533A-E942-4D76-9D9E-AB3C7B5D8102}.Ad-Hoc|x86.ActiveCfg = Ad-Hoc|iPhone
		{7743533A-E942-4D76-9D9E-AB3C7B5D8102}.AppStore|Any CPU.ActiveCfg = AppStore|iPhone
		{7743533A-E942-4D76-9D9E-AB3C7B5D8102}.AppStore|ARM.ActiveCfg = AppStore|iPhone
		{7743533A-E942-4D76-9D9E-AB3C7B5D8102}.AppStore|iPhone.ActiveCfg = AppStore|iPhone
		{7743533A-E942-4D76-9D9E-AB3C7B5D8102}.AppStore|iPhone.Build.0 = AppStore|iPhone
		{7743533A-E942-4D76-9D9E-AB3C7B5D8102}.AppStore|iPhoneSimulator.ActiveCfg = AppStore|iPhoneSimulator
		{7743533A-E942-4D76-9D9E-AB3C7B5D8102}.AppStore|iPhoneSimulator.Build.0 = AppStore|iPhoneSimulator
		{7743533A-E942-4D76-9D9E-AB3C7B5D8102}.AppStore|x64.ActiveCfg = AppStore|iPhone
		{7743533A-E942-4D76-9D9E-AB3C7B5D8102}.AppStore|x86.ActiveCfg = AppStore|iPhone
		{7743533A-E942-4D76-9D9E-AB3C7B5D8102}.Debug|Any CPU.ActiveCfg = Debug|iPhone
		{7743533A-E942-4D76-9D9E-AB3C7B5D8102}.Debug|ARM.ActiveCfg = Debug|iPhone
		{7743533A-E942-4D76-9D9E-AB3C7B5D8102}.Debug|iPhone.ActiveCfg = Debug|iPhone
		{7743533A-E942-4D76-9D9E-AB3C7B5D8102}.Debug|iPhone.Build.0 = Debug|iPhone
		{7743533A-E942-4D76-9D9E-AB3C7B5D8102}.Debug|iPhoneSimulator.ActiveCfg = Debug|iPhoneSimulator
		{7743533A-E942-4D76-9D9E-AB3C7B5D8102}.Debug|iPhoneSimulator.Build.0 = Debug|iPhoneSimulator
		{7743533A-E942-4D76-9D9E-AB3C7B5D8102}.Debug|x64.ActiveCfg = Debug|iPhone
		{7743533A-E942-4D76-9D9E-AB3C7B5D8102}.Debug|x86.ActiveCfg = Debug|iPhone
		{7743533A-E942-4D76-9D9E-AB3C7B5D8102}.Release|Any CPU.ActiveCfg = Release|iPhone
		{7743533A-E942-4D76-9D9E-AB3C7B5D8102}.Release|ARM.ActiveCfg = Release|iPhone
		{7743533A-E942-4D76-9D9E-AB3C7B5D8102}.Release|iPhone.ActiveCfg = Release|iPhone
		{7743533A-E942-4D76-9D9E-AB3C7B5D8102}.Release|iPhone.Build.0 = Release|iPhone
		{7743533A-E942-4D76-9D9E-AB3C7B5D8102}.Release|iPhoneSimulator.ActiveCfg = Release|iPhoneSimulator
		{7743533A-E942-4D76-9D9E-AB3C7B5D8102}.Release|iPhoneSimulator.Build.0 = Release|iPhoneSimulator
		{7743533A-E942-4D76-9D9E-AB3C7B5D8102}.Release|x64.ActiveCfg = Release|iPhone
		{7743533A-E942-4D76-9D9E-AB3C7B5D8102}.Release|x86.ActiveCfg = Release|iPhone
		{F80833C1-FA33-409A-BF47-202C3566BC1E}.Ad-Hoc|Any CPU.ActiveCfg = Release|x86
		{F80833C1-FA33-409A-BF47-202C3566BC1E}.Ad-Hoc|Any CPU.Build.0 = Release|x86
		{F80833C1-FA33-409A-BF47-202C3566BC1E}.Ad-Hoc|Any CPU.Deploy.0 = Release|x86
		{F80833C1-FA33-409A-BF47-202C3566BC1E}.Ad-Hoc|ARM.ActiveCfg = Release|ARM
		{F80833C1-FA33-409A-BF47-202C3566BC1E}.Ad-Hoc|ARM.Build.0 = Release|ARM
		{F80833C1-FA33-409A-BF47-202C3566BC1E}.Ad-Hoc|ARM.Deploy.0 = Release|ARM
		{F80833C1-FA33-409A-BF47-202C3566BC1E}.Ad-Hoc|iPhone.ActiveCfg = Release|x86
		{F80833C1-FA33-409A-BF47-202C3566BC1E}.Ad-Hoc|iPhone.Build.0 = Release|x86
		{F80833C1-FA33-409A-BF47-202C3566BC1E}.Ad-Hoc|iPhone.Deploy.0 = Release|x86
		{F80833C1-FA33-409A-BF47-202C3566BC1E}.Ad-Hoc|iPhoneSimulator.ActiveCfg = Release|x86
		{F80833C1-FA33-409A-BF47-202C3566BC1E}.Ad-Hoc|iPhoneSimulator.Build.0 = Release|x86
		{F80833C1-FA33-409A-BF47-202C3566BC1E}.Ad-Hoc|iPhoneSimulator.Deploy.0 = Release|x86
		{F80833C1-FA33-409A-BF47-202C3566BC1E}.Ad-Hoc|x64.ActiveCfg = Release|x64
		{F80833C1-FA33-409A-BF47-202C3566BC1E}.Ad-Hoc|x64.Build.0 = Release|x64
		{F80833C1-FA33-409A-BF47-202C3566BC1E}.Ad-Hoc|x64.Deploy.0 = Release|x64
		{F80833C1-FA33-409A-BF47-202C3566BC1E}.Ad-Hoc|x86.ActiveCfg = Release|x86
		{F80833C1-FA33-409A-BF47-202C3566BC1E}.Ad-Hoc|x86.Build.0 = Release|x86
		{F80833C1-FA33-409A-BF47-202C3566BC1E}.Ad-Hoc|x86.Deploy.0 = Release|x86
		{F80833C1-FA33-409A-BF47-202C3566BC1E}.AppStore|Any CPU.ActiveCfg = Release|x86
		{F80833C1-FA33-409A-BF47-202C3566BC1E}.AppStore|Any CPU.Build.0 = Release|x86
		{F80833C1-FA33-409A-BF47-202C3566BC1E}.AppStore|Any CPU.Deploy.0 = Release|x86
		{F80833C1-FA33-409A-BF47-202C3566BC1E}.AppStore|ARM.ActiveCfg = Release|ARM
		{F80833C1-FA33-409A-BF47-202C3566BC1E}.AppStore|ARM.Build.0 = Release|ARM
		{F80833C1-FA33-409A-BF47-202C3566BC1E}.AppStore|ARM.Deploy.0 = Release|ARM
		{F80833C1-FA33-409A-BF47-202C3566BC1E}.AppStore|iPhone.ActiveCfg = Release|x86
		{F80833C1-FA33-409A-BF47-202C3566BC1E}.AppStore|iPhone.Build.0 = Release|x86
		{F80833C1-FA33-409A-BF47-202C3566BC1E}.AppStore|iPhone.Deploy.0 = Release|x86
		{F80833C1-FA33-409A-BF47-202C3566BC1E}.AppStore|iPhoneSimulator.ActiveCfg = Release|x86
		{F80833C1-FA33-409A-BF47-202C3566BC1E}.AppStore|iPhoneSimulator.Build.0 = Release|x86
		{F80833C1-FA33-409A-BF47-202C3566BC1E}.AppStore|iPhoneSimulator.Deploy.0 = Release|x86
		{F80833C1-FA33-409A-BF47-202C3566BC1E}.AppStore|x64.ActiveCfg = Release|x64
		{F80833C1-FA33-409A-BF47-202C3566BC1E}.AppStore|x64.Build.0 = Release|x64
		{F80833C1-FA33-409A-BF47-202C3566BC1E}.AppStore|x64.Deploy.0 = Release|x64
		{F80833C1-FA33-409A-BF47-202C3566BC1E}.AppStore|x86.ActiveCfg = Release|x86
		{F80833C1-FA33-409A-BF47-202C3566BC1E}.AppStore|x86.Build.0 = Release|x86
		{F80833C1-FA33-409A-BF47-202C3566BC1E}.AppStore|x86.Deploy.0 = Release|x86
		{F80833C1-FA33-409A-BF47-202C3566BC1E}.Debug|Any CPU.ActiveCfg = Debug|x86
		{F80833C1-FA33-409A-BF47-202C3566BC1E}.Debug|ARM.ActiveCfg = Debug|ARM
		{F80833C1-FA33-409A-BF47-202C3566BC1E}.Debug|ARM.Build.0 = Debug|ARM
		{F80833C1-FA33-409A-BF47-202C3566BC1E}.Debug|ARM.Deploy.0 = Debug|ARM
		{F80833C1-FA33-409A-BF47-202C3566BC1E}.Debug|iPhone.ActiveCfg = Debug|x86
		{F80833C1-FA33-409A-BF47-202C3566BC1E}.Debug|iPhoneSimulator.ActiveCfg = Debug|x86
		{F80833C1-FA33-409A-BF47-202C3566BC1E}.Debug|x64.ActiveCfg = Debug|x64
		{F80833C1-FA33-409A-BF47-202C3566BC1E}.Debug|x64.Build.0 = Debug|x64
		{F80833C1-FA33-409A-BF47-202C3566BC1E}.Debug|x64.Deploy.0 = Debug|x64
		{F80833C1-FA33-409A-BF47-202C3566BC1E}.Debug|x86.ActiveCfg = Debug|x86
		{F80833C1-FA33-409A-BF47-202C3566BC1E}.Debug|x86.Build.0 = Debug|x86
		{F80833C1-FA33-409A-BF47-202C3566BC1E}.Debug|x86.Deploy.0 = Debug|x86
		{F80833C1-FA33-409A-BF47-202C3566BC1E}.Release|Any CPU.ActiveCfg = Release|x86
		{F80833C1-FA33-409A-BF47-202C3566BC1E}.Release|ARM.ActiveCfg = Release|ARM
		{F80833C1-FA33-409A-BF47-202C3566BC1E}.Release|ARM.Build.0 = Release|ARM
		{F80833C1-FA33-409A-BF47-202C3566BC1E}.Release|ARM.Deploy.0 = Release|ARM
		{F80833C1-FA33-409A-BF47-202C3566BC1E}.Release|iPhone.ActiveCfg = Release|x86
		{F80833C1-FA33-409A-BF47-202C3566BC1E}.Release|iPhoneSimulator.ActiveCfg = Release|x86
		{F80833C1-FA33-409A-BF47-202C3566BC1E}.Release|x64.ActiveCfg = Release|x64
		{F80833C1-FA33-409A-BF47-202C3566BC1E}.Release|x64.Build.0 = Release|x64
		{F80833C1-FA33-409A-BF47-202C3566BC1E}.Release|x64.Deploy.0 = Release|x64
		{F80833C1-FA33-409A-BF47-202C3566BC1E}.Release|x86.ActiveCfg = Release|x86
		{F80833C1-FA33-409A-BF47-202C3566BC1E}.Release|x86.Build.0 = Release|x86
		{F80833C1-FA33-409A-BF47-202C3566BC1E}.Release|x86.Deploy.0 = Release|x86
		{1D8DB085-A3B3-479B-9CF7-96D3FAF12C03}.Ad-Hoc|Any CPU.ActiveCfg = Release|Any CPU
		{1D8DB085-A3B3-479B-9CF7-96D3FAF12C03}.Ad-Hoc|Any CPU.Build.0 = Release|Any CPU
		{1D8DB085-A3B3-479B-9CF7-96D3FAF12C03}.Ad-Hoc|Any CPU.Deploy.0 = Release|Any CPU
		{1D8DB085-A3B3-479B-9CF7-96D3FAF12C03}.Ad-Hoc|ARM.ActiveCfg = Release|Any CPU
		{1D8DB085-A3B3-479B-9CF7-96D3FAF12C03}.Ad-Hoc|ARM.Build.0 = Release|Any CPU
		{1D8DB085-A3B3-479B-9CF7-96D3FAF12C03}.Ad-Hoc|ARM.Deploy.0 = Release|Any CPU
		{1D8DB085-A3B3-479B-9CF7-96D3FAF12C03}.Ad-Hoc|iPhone.ActiveCfg = Release|Any CPU
		{1D8DB085-A3B3-479B-9CF7-96D3FAF12C03}.Ad-Hoc|iPhone.Build.0 = Release|Any CPU
		{1D8DB085-A3B3-479B-9CF7-96D3FAF12C03}.Ad-Hoc|iPhone.Deploy.0 = Release|Any CPU
		{1D8DB085-A3B3-479B-9CF7-96D3FAF12C03}.Ad-Hoc|iPhoneSimulator.ActiveCfg = Release|Any CPU
		{1D8DB085-A3B3-479B-9CF7-96D3FAF12C03}.Ad-Hoc|iPhoneSimulator.Build.0 = Release|Any CPU
		{1D8DB085-A3B3-479B-9CF7-96D3FAF12C03}.Ad-Hoc|iPhoneSimulator.Deploy.0 = Release|Any CPU
		{1D8DB085-A3B3-479B-9CF7-96D3FAF12C03}.Ad-Hoc|x64.ActiveCfg = Release|Any CPU
		{1D8DB085-A3B3-479B-9CF7-96D3FAF12C03}.Ad-Hoc|x64.Build.0 = Release|Any CPU
		{1D8DB085-A3B3-479B-9CF7-96D3FAF12C03}.Ad-Hoc|x64.Deploy.0 = Release|Any CPU
		{1D8DB085-A3B3-479B-9CF7-96D3FAF12C03}.Ad-Hoc|x86.ActiveCfg = Release|Any CPU
		{1D8DB085-A3B3-479B-9CF7-96D3FAF12C03}.Ad-Hoc|x86.Build.0 = Release|Any CPU
		{1D8DB085-A3B3-479B-9CF7-96D3FAF12C03}.Ad-Hoc|x86.Deploy.0 = Release|Any CPU
		{1D8DB085-A3B3-479B-9CF7-96D3FAF12C03}.AppStore|Any CPU.ActiveCfg = Release|Any CPU
		{1D8DB085-A3B3-479B-9CF7-96D3FAF12C03}.AppStore|Any CPU.Build.0 = Release|Any CPU
		{1D8DB085-A3B3-479B-9CF7-96D3FAF12C03}.AppStore|Any CPU.Deploy.0 = Release|Any CPU
		{1D8DB085-A3B3-479B-9CF7-96D3FAF12C03}.AppStore|ARM.ActiveCfg = Release|Any CPU
		{1D8DB085-A3B3-479B-9CF7-96D3FAF12C03}.AppStore|ARM.Build.0 = Release|Any CPU
		{1D8DB085-A3B3-479B-9CF7-96D3FAF12C03}.AppStore|ARM.Deploy.0 = Release|Any CPU
		{1D8DB085-A3B3-479B-9CF7-96D3FAF12C03}.AppStore|iPhone.ActiveCfg = Release|Any CPU
		{1D8DB085-A3B3-479B-9CF7-96D3FAF12C03}.AppStore|iPhone.Build.0 = Release|Any CPU
		{1D8DB085-A3B3-479B-9CF7-96D3FAF12C03}.AppStore|iPhone.Deploy.0 = Release|Any CPU
		{1D8DB085-A3B3-479B-9CF7-96D3FAF12C03}.AppStore|iPhoneSimulator.ActiveCfg = Release|Any CPU
		{1D8DB085-A3B3-479B-9CF7-96D3FAF12C03}.AppStore|iPhoneSimulator.Build.0 = Release|Any CPU
		{1D8DB085-A3B3-479B-9CF7-96D3FAF12C03}.AppStore|iPhoneSimulator.Deploy.0 = Release|Any CPU
		{1D8DB085-A3B3-479B-9CF7-96D3FAF12C03}.AppStore|x64.ActiveCfg = Release|Any CPU
		{1D8DB085-A3B3-479B-9CF7-96D3FAF12C03}.AppStore|x64.Build.0 = Release|Any CPU
		{1D8DB085-A3B3-479B-9CF7-96D3FAF12C03}.AppStore|x64.Deploy.0 = Release|Any CPU
		{1D8DB085-A3B3-479B-9CF7-96D3FAF12C03}.AppStore|x86.ActiveCfg = Release|Any CPU
		{1D8DB085-A3B3-479B-9CF7-96D3FAF12C03}.AppStore|x86.Build.0 = Release|Any CPU
		{1D8DB085-A3B3-479B-9CF7-96D3FAF12C03}.AppStore|x86.Deploy.0 = Release|Any CPU
		{1D8DB085-A3B3-479B-9CF7-96D3FAF12C03}.Debug|Any CPU.ActiveCfg = Debug|Any CPU
		{1D8DB085-A3B3-479B-9CF7-96D3FAF12C03}.Debug|Any CPU.Build.0 = Debug|Any CPU
		{1D8DB085-A3B3-479B-9CF7-96D3FAF12C03}.Debug|Any CPU.Deploy.0 = Debug|Any CPU
		{1D8DB085-A3B3-479B-9CF7-96D3FAF12C03}.Debug|ARM.ActiveCfg = Debug|Any CPU
		{1D8DB085-A3B3-479B-9CF7-96D3FAF12C03}.Debug|ARM.Build.0 = Debug|Any CPU
		{1D8DB085-A3B3-479B-9CF7-96D3FAF12C03}.Debug|ARM.Deploy.0 = Debug|Any CPU
		{1D8DB085-A3B3-479B-9CF7-96D3FAF12C03}.Debug|iPhone.ActiveCfg = Debug|Any CPU
		{1D8DB085-A3B3-479B-9CF7-96D3FAF12C03}.Debug|iPhone.Build.0 = Debug|Any CPU
		{1D8DB085-A3B3-479B-9CF7-96D3FAF12C03}.Debug|iPhone.Deploy.0 = Debug|Any CPU
		{1D8DB085-A3B3-479B-9CF7-96D3FAF12C03}.Debug|iPhoneSimulator.ActiveCfg = Debug|Any CPU
		{1D8DB085-A3B3-479B-9CF7-96D3FAF12C03}.Debug|iPhoneSimulator.Build.0 = Debug|Any CPU
		{1D8DB085-A3B3-479B-9CF7-96D3FAF12C03}.Debug|iPhoneSimulator.Deploy.0 = Debug|Any CPU
		{1D8DB085-A3B3-479B-9CF7-96D3FAF12C03}.Debug|x64.ActiveCfg = Debug|Any CPU
		{1D8DB085-A3B3-479B-9CF7-96D3FAF12C03}.Debug|x64.Build.0 = Debug|Any CPU
		{1D8DB085-A3B3-479B-9CF7-96D3FAF12C03}.Debug|x64.Deploy.0 = Debug|Any CPU
		{1D8DB085-A3B3-479B-9CF7-96D3FAF12C03}.Debug|x86.ActiveCfg = Debug|Any CPU
		{1D8DB085-A3B3-479B-9CF7-96D3FAF12C03}.Debug|x86.Build.0 = Debug|Any CPU
		{1D8DB085-A3B3-479B-9CF7-96D3FAF12C03}.Debug|x86.Deploy.0 = Debug|Any CPU
		{1D8DB085-A3B3-479B-9CF7-96D3FAF12C03}.Release|Any CPU.ActiveCfg = Release|Any CPU
		{1D8DB085-A3B3-479B-9CF7-96D3FAF12C03}.Release|Any CPU.Build.0 = Release|Any CPU
		{1D8DB085-A3B3-479B-9CF7-96D3FAF12C03}.Release|Any CPU.Deploy.0 = Release|Any CPU
		{1D8DB085-A3B3-479B-9CF7-96D3FAF12C03}.Release|ARM.ActiveCfg = Release|Any CPU
		{1D8DB085-A3B3-479B-9CF7-96D3FAF12C03}.Release|ARM.Build.0 = Release|Any CPU
		{1D8DB085-A3B3-479B-9CF7-96D3FAF12C03}.Release|ARM.Deploy.0 = Release|Any CPU
		{1D8DB085-A3B3-479B-9CF7-96D3FAF12C03}.Release|iPhone.ActiveCfg = Release|Any CPU
		{1D8DB085-A3B3-479B-9CF7-96D3FAF12C03}.Release|iPhone.Build.0 = Release|Any CPU
		{1D8DB085-A3B3-479B-9CF7-96D3FAF12C03}.Release|iPhone.Deploy.0 = Release|Any CPU
		{1D8DB085-A3B3-479B-9CF7-96D3FAF12C03}.Release|iPhoneSimulator.ActiveCfg = Release|Any CPU
		{1D8DB085-A3B3-479B-9CF7-96D3FAF12C03}.Release|iPhoneSimulator.Build.0 = Release|Any CPU
		{1D8DB085-A3B3-479B-9CF7-96D3FAF12C03}.Release|iPhoneSimulator.Deploy.0 = Release|Any CPU
		{1D8DB085-A3B3-479B-9CF7-96D3FAF12C03}.Release|x64.ActiveCfg = Release|Any CPU
		{1D8DB085-A3B3-479B-9CF7-96D3FAF12C03}.Release|x64.Build.0 = Release|Any CPU
		{1D8DB085-A3B3-479B-9CF7-96D3FAF12C03}.Release|x64.Deploy.0 = Release|Any CPU
		{1D8DB085-A3B3-479B-9CF7-96D3FAF12C03}.Release|x86.ActiveCfg = Release|Any CPU
		{1D8DB085-A3B3-479B-9CF7-96D3FAF12C03}.Release|x86.Build.0 = Release|Any CPU
		{1D8DB085-A3B3-479B-9CF7-96D3FAF12C03}.Release|x86.Deploy.0 = Release|Any CPU
		{0BD363FA-C611-4044-8851-D48D3B97BC02}.Ad-Hoc|Any CPU.ActiveCfg = Ad-Hoc|iPhone
		{0BD363FA-C611-4044-8851-D48D3B97BC02}.Ad-Hoc|ARM.ActiveCfg = Ad-Hoc|iPhone
		{0BD363FA-C611-4044-8851-D48D3B97BC02}.Ad-Hoc|iPhone.ActiveCfg = Ad-Hoc|iPhone
		{0BD363FA-C611-4044-8851-D48D3B97BC02}.Ad-Hoc|iPhone.Build.0 = Ad-Hoc|iPhone
		{0BD363FA-C611-4044-8851-D48D3B97BC02}.Ad-Hoc|iPhoneSimulator.ActiveCfg = Ad-Hoc|iPhoneSimulator
		{0BD363FA-C611-4044-8851-D48D3B97BC02}.Ad-Hoc|iPhoneSimulator.Build.0 = Ad-Hoc|iPhoneSimulator
		{0BD363FA-C611-4044-8851-D48D3B97BC02}.Ad-Hoc|x64.ActiveCfg = Ad-Hoc|iPhone
		{0BD363FA-C611-4044-8851-D48D3B97BC02}.Ad-Hoc|x86.ActiveCfg = Ad-Hoc|iPhone
		{0BD363FA-C611-4044-8851-D48D3B97BC02}.AppStore|Any CPU.ActiveCfg = AppStore|iPhone
		{0BD363FA-C611-4044-8851-D48D3B97BC02}.AppStore|ARM.ActiveCfg = AppStore|iPhone
		{0BD363FA-C611-4044-8851-D48D3B97BC02}.AppStore|iPhone.ActiveCfg = AppStore|iPhone
		{0BD363FA-C611-4044-8851-D48D3B97BC02}.AppStore|iPhone.Build.0 = AppStore|iPhone
		{0BD363FA-C611-4044-8851-D48D3B97BC02}.AppStore|iPhoneSimulator.ActiveCfg = AppStore|iPhoneSimulator
		{0BD363FA-C611-4044-8851-D48D3B97BC02}.AppStore|iPhoneSimulator.Build.0 = AppStore|iPhoneSimulator
		{0BD363FA-C611-4044-8851-D48D3B97BC02}.AppStore|x64.ActiveCfg = AppStore|iPhone
		{0BD363FA-C611-4044-8851-D48D3B97BC02}.AppStore|x86.ActiveCfg = AppStore|iPhone
		{0BD363FA-C611-4044-8851-D48D3B97BC02}.Debug|Any CPU.ActiveCfg = Debug|iPhone
		{0BD363FA-C611-4044-8851-D48D3B97BC02}.Debug|ARM.ActiveCfg = Debug|iPhone
		{0BD363FA-C611-4044-8851-D48D3B97BC02}.Debug|iPhone.ActiveCfg = Debug|iPhone
		{0BD363FA-C611-4044-8851-D48D3B97BC02}.Debug|iPhone.Build.0 = Debug|iPhone
		{0BD363FA-C611-4044-8851-D48D3B97BC02}.Debug|iPhoneSimulator.ActiveCfg = Debug|iPhoneSimulator
		{0BD363FA-C611-4044-8851-D48D3B97BC02}.Debug|iPhoneSimulator.Build.0 = Debug|iPhoneSimulator
		{0BD363FA-C611-4044-8851-D48D3B97BC02}.Debug|x64.ActiveCfg = Debug|iPhone
		{0BD363FA-C611-4044-8851-D48D3B97BC02}.Debug|x86.ActiveCfg = Debug|iPhone
		{0BD363FA-C611-4044-8851-D48D3B97BC02}.Release|Any CPU.ActiveCfg = Release|iPhone
		{0BD363FA-C611-4044-8851-D48D3B97BC02}.Release|ARM.ActiveCfg = Release|iPhone
		{0BD363FA-C611-4044-8851-D48D3B97BC02}.Release|iPhone.ActiveCfg = Release|iPhone
		{0BD363FA-C611-4044-8851-D48D3B97BC02}.Release|iPhone.Build.0 = Release|iPhone
		{0BD363FA-C611-4044-8851-D48D3B97BC02}.Release|iPhoneSimulator.ActiveCfg = Release|iPhoneSimulator
		{0BD363FA-C611-4044-8851-D48D3B97BC02}.Release|iPhoneSimulator.Build.0 = Release|iPhoneSimulator
		{0BD363FA-C611-4044-8851-D48D3B97BC02}.Release|x64.ActiveCfg = Release|iPhone
		{0BD363FA-C611-4044-8851-D48D3B97BC02}.Release|x86.ActiveCfg = Release|iPhone
		{37C9C604-F376-4F16-8146-8D304BF39053}.Ad-Hoc|Any CPU.ActiveCfg = Release|Any CPU
		{37C9C604-F376-4F16-8146-8D304BF39053}.Ad-Hoc|Any CPU.Build.0 = Release|Any CPU
		{37C9C604-F376-4F16-8146-8D304BF39053}.Ad-Hoc|Any CPU.Deploy.0 = Release|Any CPU
		{37C9C604-F376-4F16-8146-8D304BF39053}.Ad-Hoc|ARM.ActiveCfg = Release|Any CPU
		{37C9C604-F376-4F16-8146-8D304BF39053}.Ad-Hoc|ARM.Build.0 = Release|Any CPU
		{37C9C604-F376-4F16-8146-8D304BF39053}.Ad-Hoc|ARM.Deploy.0 = Release|Any CPU
		{37C9C604-F376-4F16-8146-8D304BF39053}.Ad-Hoc|iPhone.ActiveCfg = Release|Any CPU
		{37C9C604-F376-4F16-8146-8D304BF39053}.Ad-Hoc|iPhone.Build.0 = Release|Any CPU
		{37C9C604-F376-4F16-8146-8D304BF39053}.Ad-Hoc|iPhone.Deploy.0 = Release|Any CPU
		{37C9C604-F376-4F16-8146-8D304BF39053}.Ad-Hoc|iPhoneSimulator.ActiveCfg = Release|Any CPU
		{37C9C604-F376-4F16-8146-8D304BF39053}.Ad-Hoc|iPhoneSimulator.Build.0 = Release|Any CPU
		{37C9C604-F376-4F16-8146-8D304BF39053}.Ad-Hoc|iPhoneSimulator.Deploy.0 = Release|Any CPU
		{37C9C604-F376-4F16-8146-8D304BF39053}.Ad-Hoc|x64.ActiveCfg = Release|Any CPU
		{37C9C604-F376-4F16-8146-8D304BF39053}.Ad-Hoc|x64.Build.0 = Release|Any CPU
		{37C9C604-F376-4F16-8146-8D304BF39053}.Ad-Hoc|x64.Deploy.0 = Release|Any CPU
		{37C9C604-F376-4F16-8146-8D304BF39053}.Ad-Hoc|x86.ActiveCfg = Release|Any CPU
		{37C9C604-F376-4F16-8146-8D304BF39053}.Ad-Hoc|x86.Build.0 = Release|Any CPU
		{37C9C604-F376-4F16-8146-8D304BF39053}.Ad-Hoc|x86.Deploy.0 = Release|Any CPU
		{37C9C604-F376-4F16-8146-8D304BF39053}.AppStore|Any CPU.ActiveCfg = Release|Any CPU
		{37C9C604-F376-4F16-8146-8D304BF39053}.AppStore|Any CPU.Build.0 = Release|Any CPU
		{37C9C604-F376-4F16-8146-8D304BF39053}.AppStore|Any CPU.Deploy.0 = Release|Any CPU
		{37C9C604-F376-4F16-8146-8D304BF39053}.AppStore|ARM.ActiveCfg = Release|Any CPU
		{37C9C604-F376-4F16-8146-8D304BF39053}.AppStore|ARM.Build.0 = Release|Any CPU
		{37C9C604-F376-4F16-8146-8D304BF39053}.AppStore|ARM.Deploy.0 = Release|Any CPU
		{37C9C604-F376-4F16-8146-8D304BF39053}.AppStore|iPhone.ActiveCfg = Release|Any CPU
		{37C9C604-F376-4F16-8146-8D304BF39053}.AppStore|iPhone.Build.0 = Release|Any CPU
		{37C9C604-F376-4F16-8146-8D304BF39053}.AppStore|iPhone.Deploy.0 = Release|Any CPU
		{37C9C604-F376-4F16-8146-8D304BF39053}.AppStore|iPhoneSimulator.ActiveCfg = Release|Any CPU
		{37C9C604-F376-4F16-8146-8D304BF39053}.AppStore|iPhoneSimulator.Build.0 = Release|Any CPU
		{37C9C604-F376-4F16-8146-8D304BF39053}.AppStore|iPhoneSimulator.Deploy.0 = Release|Any CPU
		{37C9C604-F376-4F16-8146-8D304BF39053}.AppStore|x64.ActiveCfg = Release|Any CPU
		{37C9C604-F376-4F16-8146-8D304BF39053}.AppStore|x64.Build.0 = Release|Any CPU
		{37C9C604-F376-4F16-8146-8D304BF39053}.AppStore|x64.Deploy.0 = Release|Any CPU
		{37C9C604-F376-4F16-8146-8D304BF39053}.AppStore|x86.ActiveCfg = Release|Any CPU
		{37C9C604-F376-4F16-8146-8D304BF39053}.AppStore|x86.Build.0 = Release|Any CPU
		{37C9C604-F376-4F16-8146-8D304BF39053}.AppStore|x86.Deploy.0 = Release|Any CPU
		{37C9C604-F376-4F16-8146-8D304BF39053}.Debug|Any CPU.ActiveCfg = Debug|Any CPU
		{37C9C604-F376-4F16-8146-8D304BF39053}.Debug|Any CPU.Build.0 = Debug|Any CPU
		{37C9C604-F376-4F16-8146-8D304BF39053}.Debug|Any CPU.Deploy.0 = Debug|Any CPU
		{37C9C604-F376-4F16-8146-8D304BF39053}.Debug|ARM.ActiveCfg = Debug|Any CPU
		{37C9C604-F376-4F16-8146-8D304BF39053}.Debug|ARM.Build.0 = Debug|Any CPU
		{37C9C604-F376-4F16-8146-8D304BF39053}.Debug|ARM.Deploy.0 = Debug|Any CPU
		{37C9C604-F376-4F16-8146-8D304BF39053}.Debug|iPhone.ActiveCfg = Debug|Any CPU
		{37C9C604-F376-4F16-8146-8D304BF39053}.Debug|iPhone.Build.0 = Debug|Any CPU
		{37C9C604-F376-4F16-8146-8D304BF39053}.Debug|iPhone.Deploy.0 = Debug|Any CPU
		{37C9C604-F376-4F16-8146-8D304BF39053}.Debug|iPhoneSimulator.ActiveCfg = Debug|Any CPU
		{37C9C604-F376-4F16-8146-8D304BF39053}.Debug|iPhoneSimulator.Build.0 = Debug|Any CPU
		{37C9C604-F376-4F16-8146-8D304BF39053}.Debug|iPhoneSimulator.Deploy.0 = Debug|Any CPU
		{37C9C604-F376-4F16-8146-8D304BF39053}.Debug|x64.ActiveCfg = Debug|Any CPU
		{37C9C604-F376-4F16-8146-8D304BF39053}.Debug|x64.Build.0 = Debug|Any CPU
		{37C9C604-F376-4F16-8146-8D304BF39053}.Debug|x64.Deploy.0 = Debug|Any CPU
		{37C9C604-F376-4F16-8146-8D304BF39053}.Debug|x86.ActiveCfg = Debug|Any CPU
		{37C9C604-F376-4F16-8146-8D304BF39053}.Debug|x86.Build.0 = Debug|Any CPU
		{37C9C604-F376-4F16-8146-8D304BF39053}.Debug|x86.Deploy.0 = Debug|Any CPU
		{37C9C604-F376-4F16-8146-8D304BF39053}.Release|Any CPU.ActiveCfg = Release|Any CPU
		{37C9C604-F376-4F16-8146-8D304BF39053}.Release|Any CPU.Build.0 = Release|Any CPU
		{37C9C604-F376-4F16-8146-8D304BF39053}.Release|Any CPU.Deploy.0 = Release|Any CPU
		{37C9C604-F376-4F16-8146-8D304BF39053}.Release|ARM.ActiveCfg = Release|Any CPU
		{37C9C604-F376-4F16-8146-8D304BF39053}.Release|ARM.Build.0 = Release|Any CPU
		{37C9C604-F376-4F16-8146-8D304BF39053}.Release|ARM.Deploy.0 = Release|Any CPU
		{37C9C604-F376-4F16-8146-8D304BF39053}.Release|iPhone.ActiveCfg = Release|Any CPU
		{37C9C604-F376-4F16-8146-8D304BF39053}.Release|iPhone.Build.0 = Release|Any CPU
		{37C9C604-F376-4F16-8146-8D304BF39053}.Release|iPhone.Deploy.0 = Release|Any CPU
		{37C9C604-F376-4F16-8146-8D304BF39053}.Release|iPhoneSimulator.ActiveCfg = Release|Any CPU
		{37C9C604-F376-4F16-8146-8D304BF39053}.Release|iPhoneSimulator.Build.0 = Release|Any CPU
		{37C9C604-F376-4F16-8146-8D304BF39053}.Release|iPhoneSimulator.Deploy.0 = Release|Any CPU
		{37C9C604-F376-4F16-8146-8D304BF39053}.Release|x64.ActiveCfg = Release|Any CPU
		{37C9C604-F376-4F16-8146-8D304BF39053}.Release|x64.Build.0 = Release|Any CPU
		{37C9C604-F376-4F16-8146-8D304BF39053}.Release|x64.Deploy.0 = Release|Any CPU
		{37C9C604-F376-4F16-8146-8D304BF39053}.Release|x86.ActiveCfg = Release|Any CPU
		{37C9C604-F376-4F16-8146-8D304BF39053}.Release|x86.Build.0 = Release|Any CPU
		{37C9C604-F376-4F16-8146-8D304BF39053}.Release|x86.Deploy.0 = Release|Any CPU
		{216C7113-44B1-4472-997D-F2D6108C212B}.Ad-Hoc|Any CPU.ActiveCfg = Release|Any CPU
		{216C7113-44B1-4472-997D-F2D6108C212B}.Ad-Hoc|Any CPU.Build.0 = Release|Any CPU
		{216C7113-44B1-4472-997D-F2D6108C212B}.Ad-Hoc|ARM.ActiveCfg = Release|Any CPU
		{216C7113-44B1-4472-997D-F2D6108C212B}.Ad-Hoc|ARM.Build.0 = Release|Any CPU
		{216C7113-44B1-4472-997D-F2D6108C212B}.Ad-Hoc|iPhone.ActiveCfg = Release|Any CPU
		{216C7113-44B1-4472-997D-F2D6108C212B}.Ad-Hoc|iPhone.Build.0 = Release|Any CPU
		{216C7113-44B1-4472-997D-F2D6108C212B}.Ad-Hoc|iPhoneSimulator.ActiveCfg = Release|Any CPU
		{216C7113-44B1-4472-997D-F2D6108C212B}.Ad-Hoc|iPhoneSimulator.Build.0 = Release|Any CPU
		{216C7113-44B1-4472-997D-F2D6108C212B}.Ad-Hoc|x64.ActiveCfg = Release|Any CPU
		{216C7113-44B1-4472-997D-F2D6108C212B}.Ad-Hoc|x64.Build.0 = Release|Any CPU
		{216C7113-44B1-4472-997D-F2D6108C212B}.Ad-Hoc|x86.ActiveCfg = Release|Any CPU
		{216C7113-44B1-4472-997D-F2D6108C212B}.Ad-Hoc|x86.Build.0 = Release|Any CPU
		{216C7113-44B1-4472-997D-F2D6108C212B}.AppStore|Any CPU.ActiveCfg = Release|Any CPU
		{216C7113-44B1-4472-997D-F2D6108C212B}.AppStore|Any CPU.Build.0 = Release|Any CPU
		{216C7113-44B1-4472-997D-F2D6108C212B}.AppStore|ARM.ActiveCfg = Release|Any CPU
		{216C7113-44B1-4472-997D-F2D6108C212B}.AppStore|ARM.Build.0 = Release|Any CPU
		{216C7113-44B1-4472-997D-F2D6108C212B}.AppStore|iPhone.ActiveCfg = Release|Any CPU
		{216C7113-44B1-4472-997D-F2D6108C212B}.AppStore|iPhone.Build.0 = Release|Any CPU
		{216C7113-44B1-4472-997D-F2D6108C212B}.AppStore|iPhoneSimulator.ActiveCfg = Release|Any CPU
		{216C7113-44B1-4472-997D-F2D6108C212B}.AppStore|iPhoneSimulator.Build.0 = Release|Any CPU
		{216C7113-44B1-4472-997D-F2D6108C212B}.AppStore|x64.ActiveCfg = Release|Any CPU
		{216C7113-44B1-4472-997D-F2D6108C212B}.AppStore|x64.Build.0 = Release|Any CPU
		{216C7113-44B1-4472-997D-F2D6108C212B}.AppStore|x86.ActiveCfg = Release|Any CPU
		{216C7113-44B1-4472-997D-F2D6108C212B}.AppStore|x86.Build.0 = Release|Any CPU
		{216C7113-44B1-4472-997D-F2D6108C212B}.Debug|Any CPU.ActiveCfg = Debug|Any CPU
		{216C7113-44B1-4472-997D-F2D6108C212B}.Debug|Any CPU.Build.0 = Debug|Any CPU
		{216C7113-44B1-4472-997D-F2D6108C212B}.Debug|ARM.ActiveCfg = Debug|Any CPU
		{216C7113-44B1-4472-997D-F2D6108C212B}.Debug|ARM.Build.0 = Debug|Any CPU
		{216C7113-44B1-4472-997D-F2D6108C212B}.Debug|iPhone.ActiveCfg = Debug|Any CPU
		{216C7113-44B1-4472-997D-F2D6108C212B}.Debug|iPhone.Build.0 = Debug|Any CPU
		{216C7113-44B1-4472-997D-F2D6108C212B}.Debug|iPhoneSimulator.ActiveCfg = Debug|Any CPU
		{216C7113-44B1-4472-997D-F2D6108C212B}.Debug|iPhoneSimulator.Build.0 = Debug|Any CPU
		{216C7113-44B1-4472-997D-F2D6108C212B}.Debug|x64.ActiveCfg = Debug|Any CPU
		{216C7113-44B1-4472-997D-F2D6108C212B}.Debug|x64.Build.0 = Debug|Any CPU
		{216C7113-44B1-4472-997D-F2D6108C212B}.Debug|x86.ActiveCfg = Debug|Any CPU
		{216C7113-44B1-4472-997D-F2D6108C212B}.Debug|x86.Build.0 = Debug|Any CPU
		{216C7113-44B1-4472-997D-F2D6108C212B}.Release|Any CPU.ActiveCfg = Release|Any CPU
		{216C7113-44B1-4472-997D-F2D6108C212B}.Release|Any CPU.Build.0 = Release|Any CPU
		{216C7113-44B1-4472-997D-F2D6108C212B}.Release|ARM.ActiveCfg = Release|Any CPU
		{216C7113-44B1-4472-997D-F2D6108C212B}.Release|ARM.Build.0 = Release|Any CPU
		{216C7113-44B1-4472-997D-F2D6108C212B}.Release|iPhone.ActiveCfg = Release|Any CPU
		{216C7113-44B1-4472-997D-F2D6108C212B}.Release|iPhone.Build.0 = Release|Any CPU
		{216C7113-44B1-4472-997D-F2D6108C212B}.Release|iPhoneSimulator.ActiveCfg = Release|Any CPU
		{216C7113-44B1-4472-997D-F2D6108C212B}.Release|iPhoneSimulator.Build.0 = Release|Any CPU
		{216C7113-44B1-4472-997D-F2D6108C212B}.Release|x64.ActiveCfg = Release|Any CPU
		{216C7113-44B1-4472-997D-F2D6108C212B}.Release|x64.Build.0 = Release|Any CPU
		{216C7113-44B1-4472-997D-F2D6108C212B}.Release|x86.ActiveCfg = Release|Any CPU
		{216C7113-44B1-4472-997D-F2D6108C212B}.Release|x86.Build.0 = Release|Any CPU
		{15FDD27D-1BEA-469B-9267-BD4A3A20C55E}.Ad-Hoc|Any CPU.ActiveCfg = Release|Any CPU
		{15FDD27D-1BEA-469B-9267-BD4A3A20C55E}.Ad-Hoc|Any CPU.Build.0 = Release|Any CPU
		{15FDD27D-1BEA-469B-9267-BD4A3A20C55E}.Ad-Hoc|ARM.ActiveCfg = Release|Any CPU
		{15FDD27D-1BEA-469B-9267-BD4A3A20C55E}.Ad-Hoc|ARM.Build.0 = Release|Any CPU
		{15FDD27D-1BEA-469B-9267-BD4A3A20C55E}.Ad-Hoc|iPhone.ActiveCfg = Release|Any CPU
		{15FDD27D-1BEA-469B-9267-BD4A3A20C55E}.Ad-Hoc|iPhone.Build.0 = Release|Any CPU
		{15FDD27D-1BEA-469B-9267-BD4A3A20C55E}.Ad-Hoc|iPhoneSimulator.ActiveCfg = Release|Any CPU
		{15FDD27D-1BEA-469B-9267-BD4A3A20C55E}.Ad-Hoc|iPhoneSimulator.Build.0 = Release|Any CPU
		{15FDD27D-1BEA-469B-9267-BD4A3A20C55E}.Ad-Hoc|x64.ActiveCfg = Release|Any CPU
		{15FDD27D-1BEA-469B-9267-BD4A3A20C55E}.Ad-Hoc|x64.Build.0 = Release|Any CPU
		{15FDD27D-1BEA-469B-9267-BD4A3A20C55E}.Ad-Hoc|x86.ActiveCfg = Release|Any CPU
		{15FDD27D-1BEA-469B-9267-BD4A3A20C55E}.Ad-Hoc|x86.Build.0 = Release|Any CPU
		{15FDD27D-1BEA-469B-9267-BD4A3A20C55E}.AppStore|Any CPU.ActiveCfg = Release|Any CPU
		{15FDD27D-1BEA-469B-9267-BD4A3A20C55E}.AppStore|Any CPU.Build.0 = Release|Any CPU
		{15FDD27D-1BEA-469B-9267-BD4A3A20C55E}.AppStore|ARM.ActiveCfg = Release|Any CPU
		{15FDD27D-1BEA-469B-9267-BD4A3A20C55E}.AppStore|ARM.Build.0 = Release|Any CPU
		{15FDD27D-1BEA-469B-9267-BD4A3A20C55E}.AppStore|iPhone.ActiveCfg = Release|Any CPU
		{15FDD27D-1BEA-469B-9267-BD4A3A20C55E}.AppStore|iPhone.Build.0 = Release|Any CPU
		{15FDD27D-1BEA-469B-9267-BD4A3A20C55E}.AppStore|iPhoneSimulator.ActiveCfg = Release|Any CPU
		{15FDD27D-1BEA-469B-9267-BD4A3A20C55E}.AppStore|iPhoneSimulator.Build.0 = Release|Any CPU
		{15FDD27D-1BEA-469B-9267-BD4A3A20C55E}.AppStore|x64.ActiveCfg = Release|Any CPU
		{15FDD27D-1BEA-469B-9267-BD4A3A20C55E}.AppStore|x64.Build.0 = Release|Any CPU
		{15FDD27D-1BEA-469B-9267-BD4A3A20C55E}.AppStore|x86.ActiveCfg = Release|Any CPU
		{15FDD27D-1BEA-469B-9267-BD4A3A20C55E}.AppStore|x86.Build.0 = Release|Any CPU
		{15FDD27D-1BEA-469B-9267-BD4A3A20C55E}.Debug|Any CPU.ActiveCfg = Debug|Any CPU
		{15FDD27D-1BEA-469B-9267-BD4A3A20C55E}.Debug|Any CPU.Build.0 = Debug|Any CPU
		{15FDD27D-1BEA-469B-9267-BD4A3A20C55E}.Debug|ARM.ActiveCfg = Debug|Any CPU
		{15FDD27D-1BEA-469B-9267-BD4A3A20C55E}.Debug|ARM.Build.0 = Debug|Any CPU
		{15FDD27D-1BEA-469B-9267-BD4A3A20C55E}.Debug|iPhone.ActiveCfg = Debug|Any CPU
		{15FDD27D-1BEA-469B-9267-BD4A3A20C55E}.Debug|iPhone.Build.0 = Debug|Any CPU
		{15FDD27D-1BEA-469B-9267-BD4A3A20C55E}.Debug|iPhoneSimulator.ActiveCfg = Debug|Any CPU
		{15FDD27D-1BEA-469B-9267-BD4A3A20C55E}.Debug|iPhoneSimulator.Build.0 = Debug|Any CPU
		{15FDD27D-1BEA-469B-9267-BD4A3A20C55E}.Debug|x64.ActiveCfg = Debug|Any CPU
		{15FDD27D-1BEA-469B-9267-BD4A3A20C55E}.Debug|x64.Build.0 = Debug|Any CPU
		{15FDD27D-1BEA-469B-9267-BD4A3A20C55E}.Debug|x86.ActiveCfg = Debug|Any CPU
		{15FDD27D-1BEA-469B-9267-BD4A3A20C55E}.Debug|x86.Build.0 = Debug|Any CPU
		{15FDD27D-1BEA-469B-9267-BD4A3A20C55E}.Release|Any CPU.ActiveCfg = Release|Any CPU
		{15FDD27D-1BEA-469B-9267-BD4A3A20C55E}.Release|Any CPU.Build.0 = Release|Any CPU
		{15FDD27D-1BEA-469B-9267-BD4A3A20C55E}.Release|ARM.ActiveCfg = Release|Any CPU
		{15FDD27D-1BEA-469B-9267-BD4A3A20C55E}.Release|ARM.Build.0 = Release|Any CPU
		{15FDD27D-1BEA-469B-9267-BD4A3A20C55E}.Release|iPhone.ActiveCfg = Release|Any CPU
		{15FDD27D-1BEA-469B-9267-BD4A3A20C55E}.Release|iPhone.Build.0 = Release|Any CPU
		{15FDD27D-1BEA-469B-9267-BD4A3A20C55E}.Release|iPhoneSimulator.ActiveCfg = Release|Any CPU
		{15FDD27D-1BEA-469B-9267-BD4A3A20C55E}.Release|iPhoneSimulator.Build.0 = Release|Any CPU
		{15FDD27D-1BEA-469B-9267-BD4A3A20C55E}.Release|x64.ActiveCfg = Release|Any CPU
		{15FDD27D-1BEA-469B-9267-BD4A3A20C55E}.Release|x64.Build.0 = Release|Any CPU
		{15FDD27D-1BEA-469B-9267-BD4A3A20C55E}.Release|x86.ActiveCfg = Release|Any CPU
		{15FDD27D-1BEA-469B-9267-BD4A3A20C55E}.Release|x86.Build.0 = Release|Any CPU
		{1DA0ECD7-2C48-437C-BF77-57B1A5211834}.Ad-Hoc|Any CPU.ActiveCfg = Release|Any CPU
		{1DA0ECD7-2C48-437C-BF77-57B1A5211834}.Ad-Hoc|Any CPU.Build.0 = Release|Any CPU
		{1DA0ECD7-2C48-437C-BF77-57B1A5211834}.Ad-Hoc|Any CPU.Deploy.0 = Release|Any CPU
		{1DA0ECD7-2C48-437C-BF77-57B1A5211834}.Ad-Hoc|ARM.ActiveCfg = Release|Any CPU
		{1DA0ECD7-2C48-437C-BF77-57B1A5211834}.Ad-Hoc|ARM.Build.0 = Release|Any CPU
		{1DA0ECD7-2C48-437C-BF77-57B1A5211834}.Ad-Hoc|ARM.Deploy.0 = Release|Any CPU
		{1DA0ECD7-2C48-437C-BF77-57B1A5211834}.Ad-Hoc|iPhone.ActiveCfg = Release|Any CPU
		{1DA0ECD7-2C48-437C-BF77-57B1A5211834}.Ad-Hoc|iPhone.Build.0 = Release|Any CPU
		{1DA0ECD7-2C48-437C-BF77-57B1A5211834}.Ad-Hoc|iPhone.Deploy.0 = Release|Any CPU
		{1DA0ECD7-2C48-437C-BF77-57B1A5211834}.Ad-Hoc|iPhoneSimulator.ActiveCfg = Release|Any CPU
		{1DA0ECD7-2C48-437C-BF77-57B1A5211834}.Ad-Hoc|iPhoneSimulator.Build.0 = Release|Any CPU
		{1DA0ECD7-2C48-437C-BF77-57B1A5211834}.Ad-Hoc|iPhoneSimulator.Deploy.0 = Release|Any CPU
		{1DA0ECD7-2C48-437C-BF77-57B1A5211834}.Ad-Hoc|x64.ActiveCfg = Release|Any CPU
		{1DA0ECD7-2C48-437C-BF77-57B1A5211834}.Ad-Hoc|x64.Build.0 = Release|Any CPU
		{1DA0ECD7-2C48-437C-BF77-57B1A5211834}.Ad-Hoc|x64.Deploy.0 = Release|Any CPU
		{1DA0ECD7-2C48-437C-BF77-57B1A5211834}.Ad-Hoc|x86.ActiveCfg = Release|Any CPU
		{1DA0ECD7-2C48-437C-BF77-57B1A5211834}.Ad-Hoc|x86.Build.0 = Release|Any CPU
		{1DA0ECD7-2C48-437C-BF77-57B1A5211834}.Ad-Hoc|x86.Deploy.0 = Release|Any CPU
		{1DA0ECD7-2C48-437C-BF77-57B1A5211834}.AppStore|Any CPU.ActiveCfg = Release|Any CPU
		{1DA0ECD7-2C48-437C-BF77-57B1A5211834}.AppStore|Any CPU.Build.0 = Release|Any CPU
		{1DA0ECD7-2C48-437C-BF77-57B1A5211834}.AppStore|Any CPU.Deploy.0 = Release|Any CPU
		{1DA0ECD7-2C48-437C-BF77-57B1A5211834}.AppStore|ARM.ActiveCfg = Release|Any CPU
		{1DA0ECD7-2C48-437C-BF77-57B1A5211834}.AppStore|ARM.Build.0 = Release|Any CPU
		{1DA0ECD7-2C48-437C-BF77-57B1A5211834}.AppStore|ARM.Deploy.0 = Release|Any CPU
		{1DA0ECD7-2C48-437C-BF77-57B1A5211834}.AppStore|iPhone.ActiveCfg = Release|Any CPU
		{1DA0ECD7-2C48-437C-BF77-57B1A5211834}.AppStore|iPhone.Build.0 = Release|Any CPU
		{1DA0ECD7-2C48-437C-BF77-57B1A5211834}.AppStore|iPhone.Deploy.0 = Release|Any CPU
		{1DA0ECD7-2C48-437C-BF77-57B1A5211834}.AppStore|iPhoneSimulator.ActiveCfg = Release|Any CPU
		{1DA0ECD7-2C48-437C-BF77-57B1A5211834}.AppStore|iPhoneSimulator.Build.0 = Release|Any CPU
		{1DA0ECD7-2C48-437C-BF77-57B1A5211834}.AppStore|iPhoneSimulator.Deploy.0 = Release|Any CPU
		{1DA0ECD7-2C48-437C-BF77-57B1A5211834}.AppStore|x64.ActiveCfg = Release|Any CPU
		{1DA0ECD7-2C48-437C-BF77-57B1A5211834}.AppStore|x64.Build.0 = Release|Any CPU
		{1DA0ECD7-2C48-437C-BF77-57B1A5211834}.AppStore|x64.Deploy.0 = Release|Any CPU
		{1DA0ECD7-2C48-437C-BF77-57B1A5211834}.AppStore|x86.ActiveCfg = Release|Any CPU
		{1DA0ECD7-2C48-437C-BF77-57B1A5211834}.AppStore|x86.Build.0 = Release|Any CPU
		{1DA0ECD7-2C48-437C-BF77-57B1A5211834}.AppStore|x86.Deploy.0 = Release|Any CPU
		{1DA0ECD7-2C48-437C-BF77-57B1A5211834}.Debug|Any CPU.ActiveCfg = Debug|Any CPU
		{1DA0ECD7-2C48-437C-BF77-57B1A5211834}.Debug|Any CPU.Build.0 = Debug|Any CPU
		{1DA0ECD7-2C48-437C-BF77-57B1A5211834}.Debug|Any CPU.Deploy.0 = Debug|Any CPU
		{1DA0ECD7-2C48-437C-BF77-57B1A5211834}.Debug|ARM.ActiveCfg = Debug|Any CPU
		{1DA0ECD7-2C48-437C-BF77-57B1A5211834}.Debug|ARM.Build.0 = Debug|Any CPU
		{1DA0ECD7-2C48-437C-BF77-57B1A5211834}.Debug|ARM.Deploy.0 = Debug|Any CPU
		{1DA0ECD7-2C48-437C-BF77-57B1A5211834}.Debug|iPhone.ActiveCfg = Debug|Any CPU
		{1DA0ECD7-2C48-437C-BF77-57B1A5211834}.Debug|iPhone.Build.0 = Debug|Any CPU
		{1DA0ECD7-2C48-437C-BF77-57B1A5211834}.Debug|iPhone.Deploy.0 = Debug|Any CPU
		{1DA0ECD7-2C48-437C-BF77-57B1A5211834}.Debug|iPhoneSimulator.ActiveCfg = Debug|Any CPU
		{1DA0ECD7-2C48-437C-BF77-57B1A5211834}.Debug|iPhoneSimulator.Build.0 = Debug|Any CPU
		{1DA0ECD7-2C48-437C-BF77-57B1A5211834}.Debug|iPhoneSimulator.Deploy.0 = Debug|Any CPU
		{1DA0ECD7-2C48-437C-BF77-57B1A5211834}.Debug|x64.ActiveCfg = Debug|Any CPU
		{1DA0ECD7-2C48-437C-BF77-57B1A5211834}.Debug|x64.Build.0 = Debug|Any CPU
		{1DA0ECD7-2C48-437C-BF77-57B1A5211834}.Debug|x64.Deploy.0 = Debug|Any CPU
		{1DA0ECD7-2C48-437C-BF77-57B1A5211834}.Debug|x86.ActiveCfg = Debug|Any CPU
		{1DA0ECD7-2C48-437C-BF77-57B1A5211834}.Debug|x86.Build.0 = Debug|Any CPU
		{1DA0ECD7-2C48-437C-BF77-57B1A5211834}.Debug|x86.Deploy.0 = Debug|Any CPU
		{1DA0ECD7-2C48-437C-BF77-57B1A5211834}.Release|Any CPU.ActiveCfg = Release|Any CPU
		{1DA0ECD7-2C48-437C-BF77-57B1A5211834}.Release|Any CPU.Build.0 = Release|Any CPU
		{1DA0ECD7-2C48-437C-BF77-57B1A5211834}.Release|Any CPU.Deploy.0 = Release|Any CPU
		{1DA0ECD7-2C48-437C-BF77-57B1A5211834}.Release|ARM.ActiveCfg = Release|Any CPU
		{1DA0ECD7-2C48-437C-BF77-57B1A5211834}.Release|ARM.Build.0 = Release|Any CPU
		{1DA0ECD7-2C48-437C-BF77-57B1A5211834}.Release|ARM.Deploy.0 = Release|Any CPU
		{1DA0ECD7-2C48-437C-BF77-57B1A5211834}.Release|iPhone.ActiveCfg = Release|Any CPU
		{1DA0ECD7-2C48-437C-BF77-57B1A5211834}.Release|iPhone.Build.0 = Release|Any CPU
		{1DA0ECD7-2C48-437C-BF77-57B1A5211834}.Release|iPhone.Deploy.0 = Release|Any CPU
		{1DA0ECD7-2C48-437C-BF77-57B1A5211834}.Release|iPhoneSimulator.ActiveCfg = Release|Any CPU
		{1DA0ECD7-2C48-437C-BF77-57B1A5211834}.Release|iPhoneSimulator.Build.0 = Release|Any CPU
		{1DA0ECD7-2C48-437C-BF77-57B1A5211834}.Release|iPhoneSimulator.Deploy.0 = Release|Any CPU
		{1DA0ECD7-2C48-437C-BF77-57B1A5211834}.Release|x64.ActiveCfg = Release|Any CPU
		{1DA0ECD7-2C48-437C-BF77-57B1A5211834}.Release|x64.Build.0 = Release|Any CPU
		{1DA0ECD7-2C48-437C-BF77-57B1A5211834}.Release|x64.Deploy.0 = Release|Any CPU
		{1DA0ECD7-2C48-437C-BF77-57B1A5211834}.Release|x86.ActiveCfg = Release|Any CPU
		{1DA0ECD7-2C48-437C-BF77-57B1A5211834}.Release|x86.Build.0 = Release|Any CPU
		{1DA0ECD7-2C48-437C-BF77-57B1A5211834}.Release|x86.Deploy.0 = Release|Any CPU
		{5739B755-D4A6-4F39-9C79-22C107DE3E21}.Ad-Hoc|Any CPU.ActiveCfg = Release|Any CPU
		{5739B755-D4A6-4F39-9C79-22C107DE3E21}.Ad-Hoc|Any CPU.Build.0 = Release|Any CPU
		{5739B755-D4A6-4F39-9C79-22C107DE3E21}.Ad-Hoc|Any CPU.Deploy.0 = Release|Any CPU
		{5739B755-D4A6-4F39-9C79-22C107DE3E21}.Ad-Hoc|ARM.ActiveCfg = Release|ARM
		{5739B755-D4A6-4F39-9C79-22C107DE3E21}.Ad-Hoc|ARM.Build.0 = Release|ARM
		{5739B755-D4A6-4F39-9C79-22C107DE3E21}.Ad-Hoc|ARM.Deploy.0 = Release|ARM
		{5739B755-D4A6-4F39-9C79-22C107DE3E21}.Ad-Hoc|iPhone.ActiveCfg = Release|Any CPU
		{5739B755-D4A6-4F39-9C79-22C107DE3E21}.Ad-Hoc|iPhone.Build.0 = Release|Any CPU
		{5739B755-D4A6-4F39-9C79-22C107DE3E21}.Ad-Hoc|iPhone.Deploy.0 = Release|Any CPU
		{5739B755-D4A6-4F39-9C79-22C107DE3E21}.Ad-Hoc|iPhoneSimulator.ActiveCfg = Release|Any CPU
		{5739B755-D4A6-4F39-9C79-22C107DE3E21}.Ad-Hoc|iPhoneSimulator.Build.0 = Release|Any CPU
		{5739B755-D4A6-4F39-9C79-22C107DE3E21}.Ad-Hoc|iPhoneSimulator.Deploy.0 = Release|Any CPU
		{5739B755-D4A6-4F39-9C79-22C107DE3E21}.Ad-Hoc|x64.ActiveCfg = Release|Any CPU
		{5739B755-D4A6-4F39-9C79-22C107DE3E21}.Ad-Hoc|x64.Build.0 = Release|Any CPU
		{5739B755-D4A6-4F39-9C79-22C107DE3E21}.Ad-Hoc|x64.Deploy.0 = Release|Any CPU
		{5739B755-D4A6-4F39-9C79-22C107DE3E21}.Ad-Hoc|x86.ActiveCfg = Release|x86
		{5739B755-D4A6-4F39-9C79-22C107DE3E21}.Ad-Hoc|x86.Build.0 = Release|x86
		{5739B755-D4A6-4F39-9C79-22C107DE3E21}.Ad-Hoc|x86.Deploy.0 = Release|x86
		{5739B755-D4A6-4F39-9C79-22C107DE3E21}.AppStore|Any CPU.ActiveCfg = Release|Any CPU
		{5739B755-D4A6-4F39-9C79-22C107DE3E21}.AppStore|Any CPU.Build.0 = Release|Any CPU
		{5739B755-D4A6-4F39-9C79-22C107DE3E21}.AppStore|Any CPU.Deploy.0 = Release|Any CPU
		{5739B755-D4A6-4F39-9C79-22C107DE3E21}.AppStore|ARM.ActiveCfg = Release|ARM
		{5739B755-D4A6-4F39-9C79-22C107DE3E21}.AppStore|ARM.Build.0 = Release|ARM
		{5739B755-D4A6-4F39-9C79-22C107DE3E21}.AppStore|ARM.Deploy.0 = Release|ARM
		{5739B755-D4A6-4F39-9C79-22C107DE3E21}.AppStore|iPhone.ActiveCfg = Release|Any CPU
		{5739B755-D4A6-4F39-9C79-22C107DE3E21}.AppStore|iPhone.Build.0 = Release|Any CPU
		{5739B755-D4A6-4F39-9C79-22C107DE3E21}.AppStore|iPhone.Deploy.0 = Release|Any CPU
		{5739B755-D4A6-4F39-9C79-22C107DE3E21}.AppStore|iPhoneSimulator.ActiveCfg = Release|Any CPU
		{5739B755-D4A6-4F39-9C79-22C107DE3E21}.AppStore|iPhoneSimulator.Build.0 = Release|Any CPU
		{5739B755-D4A6-4F39-9C79-22C107DE3E21}.AppStore|iPhoneSimulator.Deploy.0 = Release|Any CPU
		{5739B755-D4A6-4F39-9C79-22C107DE3E21}.AppStore|x64.ActiveCfg = Release|Any CPU
		{5739B755-D4A6-4F39-9C79-22C107DE3E21}.AppStore|x64.Build.0 = Release|Any CPU
		{5739B755-D4A6-4F39-9C79-22C107DE3E21}.AppStore|x64.Deploy.0 = Release|Any CPU
		{5739B755-D4A6-4F39-9C79-22C107DE3E21}.AppStore|x86.ActiveCfg = Release|x86
		{5739B755-D4A6-4F39-9C79-22C107DE3E21}.AppStore|x86.Build.0 = Release|x86
		{5739B755-D4A6-4F39-9C79-22C107DE3E21}.AppStore|x86.Deploy.0 = Release|x86
		{5739B755-D4A6-4F39-9C79-22C107DE3E21}.Debug|Any CPU.ActiveCfg = Debug|Any CPU
		{5739B755-D4A6-4F39-9C79-22C107DE3E21}.Debug|Any CPU.Build.0 = Debug|Any CPU
		{5739B755-D4A6-4F39-9C79-22C107DE3E21}.Debug|Any CPU.Deploy.0 = Debug|Any CPU
		{5739B755-D4A6-4F39-9C79-22C107DE3E21}.Debug|ARM.ActiveCfg = Debug|ARM
		{5739B755-D4A6-4F39-9C79-22C107DE3E21}.Debug|ARM.Build.0 = Debug|ARM
		{5739B755-D4A6-4F39-9C79-22C107DE3E21}.Debug|ARM.Deploy.0 = Debug|ARM
		{5739B755-D4A6-4F39-9C79-22C107DE3E21}.Debug|iPhone.ActiveCfg = Debug|Any CPU
		{5739B755-D4A6-4F39-9C79-22C107DE3E21}.Debug|iPhone.Build.0 = Debug|Any CPU
		{5739B755-D4A6-4F39-9C79-22C107DE3E21}.Debug|iPhone.Deploy.0 = Debug|Any CPU
		{5739B755-D4A6-4F39-9C79-22C107DE3E21}.Debug|iPhoneSimulator.ActiveCfg = Debug|Any CPU
		{5739B755-D4A6-4F39-9C79-22C107DE3E21}.Debug|iPhoneSimulator.Build.0 = Debug|Any CPU
		{5739B755-D4A6-4F39-9C79-22C107DE3E21}.Debug|iPhoneSimulator.Deploy.0 = Debug|Any CPU
		{5739B755-D4A6-4F39-9C79-22C107DE3E21}.Debug|x64.ActiveCfg = Debug|Any CPU
		{5739B755-D4A6-4F39-9C79-22C107DE3E21}.Debug|x64.Build.0 = Debug|Any CPU
		{5739B755-D4A6-4F39-9C79-22C107DE3E21}.Debug|x64.Deploy.0 = Debug|Any CPU
		{5739B755-D4A6-4F39-9C79-22C107DE3E21}.Debug|x86.ActiveCfg = Debug|x86
		{5739B755-D4A6-4F39-9C79-22C107DE3E21}.Debug|x86.Build.0 = Debug|x86
		{5739B755-D4A6-4F39-9C79-22C107DE3E21}.Debug|x86.Deploy.0 = Debug|x86
		{5739B755-D4A6-4F39-9C79-22C107DE3E21}.Release|Any CPU.ActiveCfg = Release|Any CPU
		{5739B755-D4A6-4F39-9C79-22C107DE3E21}.Release|Any CPU.Build.0 = Release|Any CPU
		{5739B755-D4A6-4F39-9C79-22C107DE3E21}.Release|Any CPU.Deploy.0 = Release|Any CPU
		{5739B755-D4A6-4F39-9C79-22C107DE3E21}.Release|ARM.ActiveCfg = Release|ARM
		{5739B755-D4A6-4F39-9C79-22C107DE3E21}.Release|ARM.Build.0 = Release|ARM
		{5739B755-D4A6-4F39-9C79-22C107DE3E21}.Release|ARM.Deploy.0 = Release|ARM
		{5739B755-D4A6-4F39-9C79-22C107DE3E21}.Release|iPhone.ActiveCfg = Release|Any CPU
		{5739B755-D4A6-4F39-9C79-22C107DE3E21}.Release|iPhone.Build.0 = Release|Any CPU
		{5739B755-D4A6-4F39-9C79-22C107DE3E21}.Release|iPhone.Deploy.0 = Release|Any CPU
		{5739B755-D4A6-4F39-9C79-22C107DE3E21}.Release|iPhoneSimulator.ActiveCfg = Release|Any CPU
		{5739B755-D4A6-4F39-9C79-22C107DE3E21}.Release|iPhoneSimulator.Build.0 = Release|Any CPU
		{5739B755-D4A6-4F39-9C79-22C107DE3E21}.Release|iPhoneSimulator.Deploy.0 = Release|Any CPU
		{5739B755-D4A6-4F39-9C79-22C107DE3E21}.Release|x64.ActiveCfg = Release|Any CPU
		{5739B755-D4A6-4F39-9C79-22C107DE3E21}.Release|x64.Build.0 = Release|Any CPU
		{5739B755-D4A6-4F39-9C79-22C107DE3E21}.Release|x64.Deploy.0 = Release|Any CPU
		{5739B755-D4A6-4F39-9C79-22C107DE3E21}.Release|x86.ActiveCfg = Release|x86
		{5739B755-D4A6-4F39-9C79-22C107DE3E21}.Release|x86.Build.0 = Release|x86
		{5739B755-D4A6-4F39-9C79-22C107DE3E21}.Release|x86.Deploy.0 = Release|x86
	EndGlobalSection
	GlobalSection(SolutionProperties) = preSolution
		HideSolutionNode = FALSE
	EndGlobalSection
	GlobalSection(NestedProjects) = preSolution
		{7743533A-E942-4D76-9D9E-AB3C7B5D8102} = {61D1F6E0-437C-4EB3-BA85-A8EEC963E379}
		{F80833C1-FA33-409A-BF47-202C3566BC1E} = {61D1F6E0-437C-4EB3-BA85-A8EEC963E379}
		{1D8DB085-A3B3-479B-9CF7-96D3FAF12C03} = {61D1F6E0-437C-4EB3-BA85-A8EEC963E379}
		{0BD363FA-C611-4044-8851-D48D3B97BC02} = {61D1F6E0-437C-4EB3-BA85-A8EEC963E379}
		{37C9C604-F376-4F16-8146-8D304BF39053} = {61D1F6E0-437C-4EB3-BA85-A8EEC963E379}
		{216C7113-44B1-4472-997D-F2D6108C212B} = {61D1F6E0-437C-4EB3-BA85-A8EEC963E379}
		{676E4F54-EF3E-49D4-A191-14EF4C3154A3} = {61D1F6E0-437C-4EB3-BA85-A8EEC963E379}
		{15FDD27D-1BEA-469B-9267-BD4A3A20C55E} = {676E4F54-EF3E-49D4-A191-14EF4C3154A3}
		{1DA0ECD7-2C48-437C-BF77-57B1A5211834} = {676E4F54-EF3E-49D4-A191-14EF4C3154A3}
		{5739B755-D4A6-4F39-9C79-22C107DE3E21} = {676E4F54-EF3E-49D4-A191-14EF4C3154A3}
	EndGlobalSection
EndGlobal
